
Microsoft Visual Studio Solution File, Format Version 12.00
# Visual Studio Version 17
VisualStudioVersion = 17.0.31314.256
MinimumVisualStudioVersion = 10.0.40219.1
Project("{2150E333-8FDC-42A3-9474-1A3956D46DE8}") = "Automation", "Automation", "{0BFBE63A-B98A-3411-8EEB-8918FEC737B3}"
EndProject
Project("{2150E333-8FDC-42A3-9474-1A3956D46DE8}") = "Engine", "Engine", "{233774A8-CC9D-3FA9-86D1-90573E92B704}"
EndProject
Project("{2150E333-8FDC-42A3-9474-1A3956D46DE8}") = "Games", "Games", "{DE1F8B53-6C02-3C13-9101-A7C8D96F3FF6}"
EndProject
Project("{2150E333-8FDC-42A3-9474-1A3956D46DE8}") = "Programs", "Programs", "{A338B9E2-A559-34BE-A46D-F789DD488FAD}"
EndProject
Project("{2150E333-8FDC-42A3-9474-1A3956D46DE8}") = "Rules", "Rules", "{C2F57ECE-B26F-39D8-BDA7-C1D40BD8F180}"
EndProject
Project("{2150E333-8FDC-42A3-9474-1A3956D46DE8}") = "Shared", "Shared", "{57713676-9DBE-331C-AD10-26632AC9EE0C}"
EndProject
Project("{2150E333-8FDC-42A3-9474-1A3956D46DE8}") = "UnrealBuildTool.Plugins", "UnrealBuildTool.Plugins", "{7B5CFB44-F0FB-31DF-AE62-C3C096A29A7B}"
EndProject
Project("{8BC9CEB8-8B4A-11D0-8D11-00A0C91BC942}") = "UE5", "Intermediate\ProjectFiles\UE5.vcxproj", "{7F34EDF2-4885-3594-813D-DC3E8D058CA1}"
EndProject
Project("{8BC9CEB8-8B4A-11D0-8D11-00A0C91BC942}") = "UCSharpProject", "Intermediate\ProjectFiles\UCSharpProject.vcxproj", "{E7CD2637-6D29-38D5-A783-9AB5252D3D80}"
	ProjectSection(ProjectDependencies) = postProject
		{D49415BA-84D7-30CF-9CAA-2428E57B99FC} = {D49415BA-84D7-30CF-9CAA-2428E57B99FC}
	EndProjectSection
EndProject
Project("{FAE04EC0-301F-11D3-BF4B-00C04F79EFBC}") = "UnrealBuildTool", "D:\Games\UE_5.6\Engine\Source\Programs\UnrealBuildTool\UnrealBuildTool.csproj", "{D49415BA-84D7-30CF-9CAA-2428E57B99FC}"
EndProject
Project("{FAE04EC0-301F-11D3-BF4B-00C04F79EFBC}") = "AutomationTool", "D:\Games\UE_5.6\Engine\Source\Programs\AutomationTool\AutomationTool.csproj", "{2055E2F6-1F78-30A8-AD2B-3B508FAFBD29}"
EndProject
Project("{FAE04EC0-301F-11D3-BF4B-00C04F79EFBC}") = "Android.Automation", "D:\Games\UE_5.6\Engine\Source\Programs\AutomationTool\Android\Android.Automation.csproj", "{223C52C0-F69C-3E0D-B9EF-ED139ECD2C47}"
EndProject
Project("{FAE04EC0-301F-11D3-BF4B-00C04F79EFBC}") = "Apple.Automation", "D:\Games\UE_5.6\Engine\Source\Programs\AutomationTool\Apple\Apple.Automation.csproj", "{00BB39F4-B3E1-3E05-A4BD-2C597D9EC2C8}"
EndProject
Project("{FAE04EC0-301F-11D3-BF4B-00C04F79EFBC}") = "AutomationUtils.Automation", "D:\Games\UE_5.6\Engine\Source\Programs\AutomationTool\AutomationUtils\AutomationUtils.Automation.csproj", "{EA555BE4-9A4E-373C-971E-8516381FAF59}"
EndProject
Project("{FAE04EC0-301F-11D3-BF4B-00C04F79EFBC}") = "BuildGraph.Automation", "D:\Games\UE_5.6\Engine\Source\Programs\AutomationTool\BuildGraph\BuildGraph.Automation.csproj", "{2E65DB29-ADBE-3C01-9DAF-AAF07A6688FB}"
EndProject
Project("{FAE04EC0-301F-11D3-BF4B-00C04F79EFBC}") = "CookedEditor.Automation", "D:\Games\UE_5.6\Engine\Source\Programs\AutomationTool\CookedEditor\CookedEditor.Automation.csproj", "{E4111C00-C166-312B-B982-A7A8102A5F54}"
EndProject
Project("{FAE04EC0-301F-11D3-BF4B-00C04F79EFBC}") = "CrowdinLocalization.Automation", "D:\Games\UE_5.6\Engine\Source\Programs\AutomationTool\CrowdinLocalization\CrowdinLocalization.Automation.csproj", "{70923CEE-9007-3178-BDBB-F2F65B9EC6C0}"
EndProject
Project("{FAE04EC0-301F-11D3-BF4B-00C04F79EFBC}") = "Gauntlet.Automation", "D:\Games\UE_5.6\Engine\Source\Programs\AutomationTool\Gauntlet\Gauntlet.Automation.csproj", "{020B6080-AD53-35DA-94C6-F3226A9DD002}"
EndProject
Project("{FAE04EC0-301F-11D3-BF4B-00C04F79EFBC}") = "IOS.Automation", "D:\Games\UE_5.6\Engine\Source\Programs\AutomationTool\IOS\IOS.Automation.csproj", "{95A46CA0-6737-37C5-A652-463EC5CD7CC0}"
EndProject
Project("{FAE04EC0-301F-11D3-BF4B-00C04F79EFBC}") = "Insights.Automation", "D:\Games\UE_5.6\Engine\Source\Programs\AutomationTool\Insights\Insights.Automation.csproj", "{2F75A1EE-B4FF-31E9-B7D1-88BFF69F7C3B}"
EndProject
Project("{FAE04EC0-301F-11D3-BF4B-00C04F79EFBC}") = "Linux.Automation", "D:\Games\UE_5.6\Engine\Source\Programs\AutomationTool\Linux\Linux.Automation.csproj", "{8E3E4B51-8A9E-3DEF-8A3E-52BCCD7E44CB}"
EndProject
Project("{FAE04EC0-301F-11D3-BF4B-00C04F79EFBC}") = "LiveLinkHub.Automation", "D:\Games\UE_5.6\Engine\Source\Programs\AutomationTool\LiveLinkHub\LiveLinkHub.Automation.csproj", "{7C00A884-6CFD-311C-9146-CDCC8B627028}"
EndProject
Project("{FAE04EC0-301F-11D3-BF4B-00C04F79EFBC}") = "Localization.Automation", "D:\Games\UE_5.6\Engine\Source\Programs\AutomationTool\Localization\Localization.Automation.csproj", "{74015A02-6F58-33DA-9DDB-AB2E92C698EA}"
EndProject
Project("{FAE04EC0-301F-11D3-BF4B-00C04F79EFBC}") = "LowLevelTests.Automation", "D:\Games\UE_5.6\Engine\Source\Programs\AutomationTool\LowLevelTests\LowLevelTests.Automation.csproj", "{627FF316-9ED3-36DC-8196-8F40AB1EAF5B}"
EndProject
Project("{FAE04EC0-301F-11D3-BF4B-00C04F79EFBC}") = "Mac.Automation", "D:\Games\UE_5.6\Engine\Source\Programs\AutomationTool\Mac\Mac.Automation.csproj", "{2C2C95D5-EA58-338D-9968-E9A845EA8D0E}"
EndProject
Project("{FAE04EC0-301F-11D3-BF4B-00C04F79EFBC}") = "Mutable.Automation", "D:\Games\UE_5.6\Engine\Source\Programs\AutomationTool\Mutable\Mutable.Automation.csproj", "{A74CD747-8876-3650-8042-E042084D524E}"
EndProject
Project("{FAE04EC0-301F-11D3-BF4B-00C04F79EFBC}") = "OneSkyLocalization.Automation", "D:\Games\UE_5.6\Engine\Source\Programs\AutomationTool\OneSkyLocalization\OneSkyLocalization.Automation.csproj", "{75652181-43DA-3D53-82A7-5EEDA2E01648}"
EndProject
Project("{FAE04EC0-301F-11D3-BF4B-00C04F79EFBC}") = "AutomationScripts.Automation", "D:\Games\UE_5.6\Engine\Source\Programs\AutomationTool\Scripts\AutomationScripts.Automation.csproj", "{7F993E55-EF9B-3444-9CD1-657752564F30}"
EndProject
Project("{FAE04EC0-301F-11D3-BF4B-00C04F79EFBC}") = "SmartlingLocalization.Automation", "D:\Games\UE_5.6\Engine\Source\Programs\AutomationTool\SmartlingLocalization\SmartlingLocalization.Automation.csproj", "{B63B871A-9F06-38F4-9E6B-29D8ED91B966}"
EndProject
Project("{FAE04EC0-301F-11D3-BF4B-00C04F79EFBC}") = "SteamDeck.Automation", "D:\Games\UE_5.6\Engine\Source\Programs\AutomationTool\SteamDeck\SteamDeck.Automation.csproj", "{9037C8BE-8238-362A-B6B3-65783347F3A8}"
EndProject
Project("{FAE04EC0-301F-11D3-BF4B-00C04F79EFBC}") = "TVOS.Automation", "D:\Games\UE_5.6\Engine\Source\Programs\AutomationTool\TVOS\TVOS.Automation.csproj", "{D5F05E1B-5E58-357B-99A7-104EE5582A52}"
EndProject
Project("{FAE04EC0-301F-11D3-BF4B-00C04F79EFBC}") = "Turnkey.Automation", "D:\Games\UE_5.6\Engine\Source\Programs\AutomationTool\Turnkey\Turnkey.Automation.csproj", "{0146B4C1-84B7-3117-BAE3-04DBFA843572}"
EndProject
Project("{FAE04EC0-301F-11D3-BF4B-00C04F79EFBC}") = "Win.Automation", "D:\Games\UE_5.6\Engine\Source\Programs\AutomationTool\Win\Win.Automation.csproj", "{855F6ED3-7E86-3775-8A80-821FB9953532}"
EndProject
Project("{FAE04EC0-301F-11D3-BF4B-00C04F79EFBC}") = "XLocLocalization.Automation", "D:\Games\UE_5.6\Engine\Source\Programs\AutomationTool\XLocLocalization\XLocLocalization.Automation.csproj", "{99170B29-F207-3155-892A-4BE6D0A38602}"
EndProject
Project("{FAE04EC0-301F-11D3-BF4B-00C04F79EFBC}") = "VisionOS.Automation", "D:\Games\UE_5.6\Engine\Platforms\VisionOS\Source\Programs\AutomationTool\VisionOS.Automation.csproj", "{2353939F-840A-3358-B390-182C7460C112}"
EndProject
Project("{FAE04EC0-301F-11D3-BF4B-00C04F79EFBC}") = "ScriptGeneratorUbtPlugin.ubtplugin", "D:\Games\UE_5.6\Engine\Plugins\ScriptPlugin\Source\ScriptGeneratorUbtPlugin\ScriptGeneratorUbtPlugin.ubtplugin.csproj", "{B84D81E6-5BDF-358E-BBDC-182E4422214E}"
EndProject
Project("{FAE04EC0-301F-11D3-BF4B-00C04F79EFBC}") = "EpicGames.AspNet", "D:\Games\UE_5.6\Engine\Source\Programs\Shared\EpicGames.AspNet\EpicGames.AspNet.csproj", "{402A11AD-631D-30C4-AE0A-9EECDD827FCD}"
EndProject
Project("{FAE04EC0-301F-11D3-BF4B-00C04F79EFBC}") = "EpicGames.Build", "D:\Games\UE_5.6\Engine\Source\Programs\Shared\EpicGames.Build\EpicGames.Build.csproj", "{F1B75830-D817-3A4E-B989-18DD1A79B1B6}"
EndProject
Project("{FAE04EC0-301F-11D3-BF4B-00C04F79EFBC}") = "EpicGames.BuildGraph", "D:\Games\UE_5.6\Engine\Source\Programs\Shared\EpicGames.BuildGraph\EpicGames.BuildGraph.csproj", "{8F56263E-A274-37A4-8623-2C74C238FC4D}"
EndProject
Project("{FAE04EC0-301F-11D3-BF4B-00C04F79EFBC}") = "EpicGames.Core", "D:\Games\UE_5.6\Engine\Source\Programs\Shared\EpicGames.Core\EpicGames.Core.csproj", "{7923B6E2-A474-30E3-860C-CEC21CA3C718}"
EndProject
Project("{FAE04EC0-301F-11D3-BF4B-00C04F79EFBC}") = "EpicGames.Horde", "D:\Games\UE_5.6\Engine\Source\Programs\Shared\EpicGames.Horde\EpicGames.Horde.csproj", "{E313A3DF-B481-3C05-85EC-0258474BCEAB}"
EndProject
Project("{FAE04EC0-301F-11D3-BF4B-00C04F79EFBC}") = "EpicGames.IoHash", "D:\Games\UE_5.6\Engine\Source\Programs\Shared\EpicGames.IoHash\EpicGames.IoHash.csproj", "{523D02D3-E92C-303E-B39A-B2F545068645}"
EndProject
Project("{FAE04EC0-301F-11D3-BF4B-00C04F79EFBC}") = "EpicGames.MongoDB", "D:\Games\UE_5.6\Engine\Source\Programs\Shared\EpicGames.MongoDB\EpicGames.MongoDB.csproj", "{0E5610BE-D50B-31A6-B9EF-9147D283C75D}"
EndProject
Project("{FAE04EC0-301F-11D3-BF4B-00C04F79EFBC}") = "EpicGames.MsBuild", "D:\Games\UE_5.6\Engine\Source\Programs\Shared\EpicGames.MsBuild\EpicGames.MsBuild.csproj", "{012EE111-6FF4-327C-BEA3-747DB0947279}"
EndProject
Project("{FAE04EC0-301F-11D3-BF4B-00C04F79EFBC}") = "EpicGames.OIDC", "D:\Games\UE_5.6\Engine\Source\Programs\Shared\EpicGames.OIDC\EpicGames.OIDC.csproj", "{689C42CE-4267-33D2-93F3-CA026192BFF7}"
EndProject
Project("{FAE04EC0-301F-11D3-BF4B-00C04F79EFBC}") = "EpicGames.Oodle", "D:\Games\UE_5.6\Engine\Source\Programs\Shared\EpicGames.Oodle\EpicGames.Oodle.csproj", "{5104639E-FE08-31B5-AFB0-98C12F8D87C4}"
EndProject
Project("{FAE04EC0-301F-11D3-BF4B-00C04F79EFBC}") = "EpicGames.Perforce", "D:\Games\UE_5.6\Engine\Source\Programs\Shared\EpicGames.Perforce\EpicGames.Perforce.csproj", "{D844C741-39B2-36E5-953C-5232765DCB59}"
EndProject
Project("{FAE04EC0-301F-11D3-BF4B-00C04F79EFBC}") = "EpicGames.Perforce.Fixture", "D:\Games\UE_5.6\Engine\Source\Programs\Shared\EpicGames.Perforce.Fixture\EpicGames.Perforce.Fixture.csproj", "{61668A88-F033-3D41-8984-CBDB90885D49}"
EndProject
Project("{FAE04EC0-301F-11D3-BF4B-00C04F79EFBC}") = "EpicGames.Perforce.Managed", "D:\Games\UE_5.6\Engine\Source\Programs\Shared\EpicGames.Perforce.Managed\EpicGames.Perforce.Managed.csproj", "{D37C95CB-BFF4-39C2-A317-4E987EC7860F}"
EndProject
Project("{FAE04EC0-301F-11D3-BF4B-00C04F79EFBC}") = "EpicGames.ProjectStore", "D:\Games\UE_5.6\Engine\Source\Programs\Shared\EpicGames.ProjectStore\EpicGames.ProjectStore.csproj", "{DADD40A6-D5A6-30C1-99AB-B7752F04E0C7}"
EndProject
Project("{FAE04EC0-301F-11D3-BF4B-00C04F79EFBC}") = "EpicGames.Redis", "D:\Games\UE_5.6\Engine\Source\Programs\Shared\EpicGames.Redis\EpicGames.Redis.csproj", "{A420C1C4-417B-390C-BBD6-D788FEED6542}"
EndProject
Project("{FAE04EC0-301F-11D3-BF4B-00C04F79EFBC}") = "EpicGames.ScriptBuild", "D:\Games\UE_5.6\Engine\Source\Programs\Shared\EpicGames.ScriptBuild\EpicGames.ScriptBuild.csproj", "{58BDF299-A217-30A8-9C08-23A54B1FA353}"
EndProject
Project("{FAE04EC0-301F-11D3-BF4B-00C04F79EFBC}") = "EpicGames.Serialization", "D:\Games\UE_5.6\Engine\Source\Programs\Shared\EpicGames.Serialization\EpicGames.Serialization.csproj", "{3916C32D-4C1B-3111-A916-3A162E6637EB}"
EndProject
Project("{FAE04EC0-301F-11D3-BF4B-00C04F79EFBC}") = "EpicGames.Slack", "D:\Games\UE_5.6\Engine\Source\Programs\Shared\EpicGames.Slack\EpicGames.Slack.csproj", "{96628A6E-6470-3284-AFEC-C83B48F583EC}"
EndProject
Project("{FAE04EC0-301F-11D3-BF4B-00C04F79EFBC}") = "EpicGames.Tracing", "D:\Games\UE_5.6\Engine\Source\Programs\Shared\EpicGames.Tracing\EpicGames.Tracing.csproj", "{80615F6F-9B71-3621-97CD-2A5A1E638BD4}"
EndProject
Project("{FAE04EC0-301F-11D3-BF4B-00C04F79EFBC}") = "EpicGames.UBA", "D:\Games\UE_5.6\Engine\Source\Programs\Shared\EpicGames.UBA\EpicGames.UBA.csproj", "{E25BF4AD-B20A-31E1-9D76-D9C791ADBB9C}"
EndProject
Project("{FAE04EC0-301F-11D3-BF4B-00C04F79EFBC}") = "EpicGames.UHT", "D:\Games\UE_5.6\Engine\Source\Programs\Shared\EpicGames.UHT\EpicGames.UHT.csproj", "{EA0A57B4-3957-3B83-8EFE-908181544184}"
EndProject
Project("{FAE04EC0-301F-11D3-BF4B-00C04F79EFBC}") = "MarketplaceRules", "D:\Games\UE_5.6\Engine\Intermediate\Build\BuildRulesProjects\MarketplaceRules\MarketplaceRules.csproj", "{AA2AD635-394B-3999-902B-221883E4F0DF}"
EndProject
Project("{FAE04EC0-301F-11D3-BF4B-00C04F79EFBC}") = "UE5ProgramRules", "D:\Games\UE_5.6\Engine\Intermediate\Build\BuildRulesProjects\UE5ProgramRules\UE5ProgramRules.csproj", "{834A6EA4-5A2C-3A2B-8E12-4025D64E50E5}"
EndProject
Project("{FAE04EC0-301F-11D3-BF4B-00C04F79EFBC}") = "UE5Rules", "D:\Games\UE_5.6\Engine\Intermediate\Build\BuildRulesProjects\UE5Rules\UE5Rules.csproj", "{69D27BD7-C149-3E3C-A4E9-29BD960F60D2}"
EndProject
Project("{FAE04EC0-301F-11D3-BF4B-00C04F79EFBC}") = "UCSharpProjectModuleRules", "Intermediate\Build\BuildRulesProjects\UCSharpProjectModuleRules\UCSharpProjectModuleRules.csproj", "{BA3F4C8B-9AD0-38C2-8EA2-3E87CED82BAF}"
EndProject
Project("{2150E333-8FDC-42A3-9474-1A3956D46DE8}") = "Visualizers", "Visualizers", "{1CCEC849-CC72-4C59-8C36-2F7C38706D4C}"
	ProjectSection(SolutionItems) = preProject
		D:\Games\UE_5.6\Engine\Extras\VisualStudioDebugging\Unreal.natvis = D:\Games\UE_5.6\Engine\Extras\VisualStudioDebugging\Unreal.natvis
		D:\Games\UE_5.6\Engine\Extras\VisualStudioDebugging\Unreal.natstepfilter = D:\Games\UE_5.6\Engine\Extras\VisualStudioDebugging\Unreal.natstepfilter
		D:\Games\UE_5.6\Engine\Extras\VisualStudioDebugging\Unreal.natjmc = D:\Games\UE_5.6\Engine\Extras\VisualStudioDebugging\Unreal.natjmc
	EndProjectSection
EndProject
Global
	GlobalSection(SolutionConfigurationPlatforms) = preSolution
		DebugGame Editor|Win64 = DebugGame Editor|Win64
		DebugGame Editor|Win64-arm64 = DebugGame Editor|Win64-arm64
		DebugGame Editor|Win64-arm64ec = DebugGame Editor|Win64-arm64ec
		Development Editor|Win64 = Development Editor|Win64
		Development Editor|Win64-arm64 = Development Editor|Win64-arm64
		Development Editor|Win64-arm64ec = Development Editor|Win64-arm64ec
	EndGlobalSection
	# UnrealVS Section
	GlobalSection(ddbf523f-7eb6-4887-bd51-85a714ff87eb) = preSolution
		AvailablePlatforms=Win64
	EndGlobalSection
	GlobalSection(ProjectConfigurationPlatforms) = postSolution
		{7F34EDF2-4885-3594-813D-DC3E8D058CA1}.DebugGame Editor|Win64.ActiveCfg = BuiltWithUnrealBuildTool|Win64
		{7F34EDF2-4885-3594-813D-DC3E8D058CA1}.DebugGame Editor|Win64-arm64.ActiveCfg = BuiltWithUnrealBuildTool|Win64
		{7F34EDF2-4885-3594-813D-DC3E8D058CA1}.DebugGame Editor|Win64-arm64ec.ActiveCfg = BuiltWithUnrealBuildTool|Win64
		{7F34EDF2-4885-3594-813D-DC3E8D058CA1}.Development Editor|Win64.ActiveCfg = BuiltWithUnrealBuildTool|Win64
		{7F34EDF2-4885-3594-813D-DC3E8D058CA1}.Development Editor|Win64-arm64.ActiveCfg = BuiltWithUnrealBuildTool|Win64
		{7F34EDF2-4885-3594-813D-DC3E8D058CA1}.Development Editor|Win64-arm64ec.ActiveCfg = BuiltWithUnrealBuildTool|Win64
		{E7CD2637-6D29-38D5-A783-9AB5252D3D80}.DebugGame Editor|Win64.ActiveCfg = DebugGame_Editor|x64
		{E7CD2637-6D29-38D5-A783-9AB5252D3D80}.DebugGame Editor|Win64.Build.0 = DebugGame_Editor|x64
		{E7CD2637-6D29-38D5-A783-9AB5252D3D80}.DebugGame Editor|Win64-arm64.ActiveCfg = Win64_arm64_DebugGame_Editor|x64
		{E7CD2637-6D29-38D5-A783-9AB5252D3D80}.DebugGame Editor|Win64-arm64.Build.0 = Win64_arm64_DebugGame_Editor|x64
		{E7CD2637-6D29-38D5-A783-9AB5252D3D80}.DebugGame Editor|Win64-arm64ec.ActiveCfg = Win64_arm64ec_DebugGame_Editor|x64
		{E7CD2637-6D29-38D5-A783-9AB5252D3D80}.DebugGame Editor|Win64-arm64ec.Build.0 = Win64_arm64ec_DebugGame_Editor|x64
		{E7CD2637-6D29-38D5-A783-9AB5252D3D80}.Development Editor|Win64.ActiveCfg = Development_Editor|x64
		{E7CD2637-6D29-38D5-A783-9AB5252D3D80}.Development Editor|Win64.Build.0 = Development_Editor|x64
		{E7CD2637-6D29-38D5-A783-9AB5252D3D80}.Development Editor|Win64-arm64.ActiveCfg = Win64_arm64_Development_Editor|x64
		{E7CD2637-6D29-38D5-A783-9AB5252D3D80}.Development Editor|Win64-arm64.Build.0 = Win64_arm64_Development_Editor|x64
		{E7CD2637-6D29-38D5-A783-9AB5252D3D80}.Development Editor|Win64-arm64ec.ActiveCfg = Win64_arm64ec_Development_Editor|x64
		{E7CD2637-6D29-38D5-A783-9AB5252D3D80}.Development Editor|Win64-arm64ec.Build.0 = Win64_arm64ec_Development_Editor|x64
		{D49415BA-84D7-30CF-9CAA-2428E57B99FC}.DebugGame Editor|Win64.ActiveCfg = Development|Any CPU
		{D49415BA-84D7-30CF-9CAA-2428E57B99FC}.DebugGame Editor|Win64.Build.0 = Development|Any CPU
		{D49415BA-84D7-30CF-9CAA-2428E57B99FC}.DebugGame Editor|Win64-arm64.ActiveCfg = Development|Any CPU
		{D49415BA-84D7-30CF-9CAA-2428E57B99FC}.DebugGame Editor|Win64-arm64.Build.0 = Development|Any CPU
		{D49415BA-84D7-30CF-9CAA-2428E57B99FC}.DebugGame Editor|Win64-arm64ec.ActiveCfg = Development|Any CPU
		{D49415BA-84D7-30CF-9CAA-2428E57B99FC}.DebugGame Editor|Win64-arm64ec.Build.0 = Development|Any CPU
		{D49415BA-84D7-30CF-9CAA-2428E57B99FC}.Development Editor|Win64.ActiveCfg = Development|Any CPU
		{D49415BA-84D7-30CF-9CAA-2428E57B99FC}.Development Editor|Win64.Build.0 = Development|Any CPU
		{D49415BA-84D7-30CF-9CAA-2428E57B99FC}.Development Editor|Win64-arm64.ActiveCfg = Development|Any CPU
		{D49415BA-84D7-30CF-9CAA-2428E57B99FC}.Development Editor|Win64-arm64.Build.0 = Development|Any CPU
		{D49415BA-84D7-30CF-9CAA-2428E57B99FC}.Development Editor|Win64-arm64ec.ActiveCfg = Development|Any CPU
		{D49415BA-84D7-30CF-9CAA-2428E57B99FC}.Development Editor|Win64-arm64ec.Build.0 = Development|Any CPU
		{2055E2F6-1F78-30A8-AD2B-3B508FAFBD29}.DebugGame Editor|Win64.ActiveCfg = Development|Any CPU
		{2055E2F6-1F78-30A8-AD2B-3B508FAFBD29}.DebugGame Editor|Win64.Build.0 = Development|Any CPU
		{2055E2F6-1F78-30A8-AD2B-3B508FAFBD29}.DebugGame Editor|Win64-arm64.ActiveCfg = Development|Any CPU
		{2055E2F6-1F78-30A8-AD2B-3B508FAFBD29}.DebugGame Editor|Win64-arm64.Build.0 = Development|Any CPU
		{2055E2F6-1F78-30A8-AD2B-3B508FAFBD29}.DebugGame Editor|Win64-arm64ec.ActiveCfg = Development|Any CPU
		{2055E2F6-1F78-30A8-AD2B-3B508FAFBD29}.DebugGame Editor|Win64-arm64ec.Build.0 = Development|Any CPU
		{2055E2F6-1F78-30A8-AD2B-3B508FAFBD29}.Development Editor|Win64.ActiveCfg = Development|Any CPU
		{2055E2F6-1F78-30A8-AD2B-3B508FAFBD29}.Development Editor|Win64.Build.0 = Development|Any CPU
		{2055E2F6-1F78-30A8-AD2B-3B508FAFBD29}.Development Editor|Win64-arm64.ActiveCfg = Development|Any CPU
		{2055E2F6-1F78-30A8-AD2B-3B508FAFBD29}.Development Editor|Win64-arm64.Build.0 = Development|Any CPU
		{2055E2F6-1F78-30A8-AD2B-3B508FAFBD29}.Development Editor|Win64-arm64ec.ActiveCfg = Development|Any CPU
		{2055E2F6-1F78-30A8-AD2B-3B508FAFBD29}.Development Editor|Win64-arm64ec.Build.0 = Development|Any CPU
		{223C52C0-F69C-3E0D-B9EF-ED139ECD2C47}.DebugGame Editor|Win64.ActiveCfg = Development|Any CPU
		{223C52C0-F69C-3E0D-B9EF-ED139ECD2C47}.DebugGame Editor|Win64.Build.0 = Development|Any CPU
		{223C52C0-F69C-3E0D-B9EF-ED139ECD2C47}.DebugGame Editor|Win64-arm64.ActiveCfg = Development|Any CPU
		{223C52C0-F69C-3E0D-B9EF-ED139ECD2C47}.DebugGame Editor|Win64-arm64.Build.0 = Development|Any CPU
		{223C52C0-F69C-3E0D-B9EF-ED139ECD2C47}.DebugGame Editor|Win64-arm64ec.ActiveCfg = Development|Any CPU
		{223C52C0-F69C-3E0D-B9EF-ED139ECD2C47}.DebugGame Editor|Win64-arm64ec.Build.0 = Development|Any CPU
		{223C52C0-F69C-3E0D-B9EF-ED139ECD2C47}.Development Editor|Win64.ActiveCfg = Development|Any CPU
		{223C52C0-F69C-3E0D-B9EF-ED139ECD2C47}.Development Editor|Win64.Build.0 = Development|Any CPU
		{223C52C0-F69C-3E0D-B9EF-ED139ECD2C47}.Development Editor|Win64-arm64.ActiveCfg = Development|Any CPU
		{223C52C0-F69C-3E0D-B9EF-ED139ECD2C47}.Development Editor|Win64-arm64.Build.0 = Development|Any CPU
		{223C52C0-F69C-3E0D-B9EF-ED139ECD2C47}.Development Editor|Win64-arm64ec.ActiveCfg = Development|Any CPU
		{223C52C0-F69C-3E0D-B9EF-ED139ECD2C47}.Development Editor|Win64-arm64ec.Build.0 = Development|Any CPU
		{00BB39F4-B3E1-3E05-A4BD-2C597D9EC2C8}.DebugGame Editor|Win64.ActiveCfg = Development|Any CPU
		{00BB39F4-B3E1-3E05-A4BD-2C597D9EC2C8}.DebugGame Editor|Win64.Build.0 = Development|Any CPU
		{00BB39F4-B3E1-3E05-A4BD-2C597D9EC2C8}.DebugGame Editor|Win64-arm64.ActiveCfg = Development|Any CPU
		{00BB39F4-B3E1-3E05-A4BD-2C597D9EC2C8}.DebugGame Editor|Win64-arm64.Build.0 = Development|Any CPU
		{00BB39F4-B3E1-3E05-A4BD-2C597D9EC2C8}.DebugGame Editor|Win64-arm64ec.ActiveCfg = Development|Any CPU
		{00BB39F4-B3E1-3E05-A4BD-2C597D9EC2C8}.DebugGame Editor|Win64-arm64ec.Build.0 = Development|Any CPU
		{00BB39F4-B3E1-3E05-A4BD-2C597D9EC2C8}.Development Editor|Win64.ActiveCfg = Development|Any CPU
		{00BB39F4-B3E1-3E05-A4BD-2C597D9EC2C8}.Development Editor|Win64.Build.0 = Development|Any CPU
		{00BB39F4-B3E1-3E05-A4BD-2C597D9EC2C8}.Development Editor|Win64-arm64.ActiveCfg = Development|Any CPU
		{00BB39F4-B3E1-3E05-A4BD-2C597D9EC2C8}.Development Editor|Win64-arm64.Build.0 = Development|Any CPU
		{00BB39F4-B3E1-3E05-A4BD-2C597D9EC2C8}.Development Editor|Win64-arm64ec.ActiveCfg = Development|Any CPU
		{00BB39F4-B3E1-3E05-A4BD-2C597D9EC2C8}.Development Editor|Win64-arm64ec.Build.0 = Development|Any CPU
		{EA555BE4-9A4E-373C-971E-8516381FAF59}.DebugGame Editor|Win64.ActiveCfg = Development|Any CPU
		{EA555BE4-9A4E-373C-971E-8516381FAF59}.DebugGame Editor|Win64.Build.0 = Development|Any CPU
		{EA555BE4-9A4E-373C-971E-8516381FAF59}.DebugGame Editor|Win64-arm64.ActiveCfg = Development|Any CPU
		{EA555BE4-9A4E-373C-971E-8516381FAF59}.DebugGame Editor|Win64-arm64.Build.0 = Development|Any CPU
		{EA555BE4-9A4E-373C-971E-8516381FAF59}.DebugGame Editor|Win64-arm64ec.ActiveCfg = Development|Any CPU
		{EA555BE4-9A4E-373C-971E-8516381FAF59}.DebugGame Editor|Win64-arm64ec.Build.0 = Development|Any CPU
		{EA555BE4-9A4E-373C-971E-8516381FAF59}.Development Editor|Win64.ActiveCfg = Development|Any CPU
		{EA555BE4-9A4E-373C-971E-8516381FAF59}.Development Editor|Win64.Build.0 = Development|Any CPU
		{EA555BE4-9A4E-373C-971E-8516381FAF59}.Development Editor|Win64-arm64.ActiveCfg = Development|Any CPU
		{EA555BE4-9A4E-373C-971E-8516381FAF59}.Development Editor|Win64-arm64.Build.0 = Development|Any CPU
		{EA555BE4-9A4E-373C-971E-8516381FAF59}.Development Editor|Win64-arm64ec.ActiveCfg = Development|Any CPU
		{EA555BE4-9A4E-373C-971E-8516381FAF59}.Development Editor|Win64-arm64ec.Build.0 = Development|Any CPU
		{2E65DB29-ADBE-3C01-9DAF-AAF07A6688FB}.DebugGame Editor|Win64.ActiveCfg = Development|Any CPU
		{2E65DB29-ADBE-3C01-9DAF-AAF07A6688FB}.DebugGame Editor|Win64.Build.0 = Development|Any CPU
		{2E65DB29-ADBE-3C01-9DAF-AAF07A6688FB}.DebugGame Editor|Win64-arm64.ActiveCfg = Development|Any CPU
		{2E65DB29-ADBE-3C01-9DAF-AAF07A6688FB}.DebugGame Editor|Win64-arm64.Build.0 = Development|Any CPU
		{2E65DB29-ADBE-3C01-9DAF-AAF07A6688FB}.DebugGame Editor|Win64-arm64ec.ActiveCfg = Development|Any CPU
		{2E65DB29-ADBE-3C01-9DAF-AAF07A6688FB}.DebugGame Editor|Win64-arm64ec.Build.0 = Development|Any CPU
		{2E65DB29-ADBE-3C01-9DAF-AAF07A6688FB}.Development Editor|Win64.ActiveCfg = Development|Any CPU
		{2E65DB29-ADBE-3C01-9DAF-AAF07A6688FB}.Development Editor|Win64.Build.0 = Development|Any CPU
		{2E65DB29-ADBE-3C01-9DAF-AAF07A6688FB}.Development Editor|Win64-arm64.ActiveCfg = Development|Any CPU
		{2E65DB29-ADBE-3C01-9DAF-AAF07A6688FB}.Development Editor|Win64-arm64.Build.0 = Development|Any CPU
		{2E65DB29-ADBE-3C01-9DAF-AAF07A6688FB}.Development Editor|Win64-arm64ec.ActiveCfg = Development|Any CPU
		{2E65DB29-ADBE-3C01-9DAF-AAF07A6688FB}.Development Editor|Win64-arm64ec.Build.0 = Development|Any CPU
		{E4111C00-C166-312B-B982-A7A8102A5F54}.DebugGame Editor|Win64.ActiveCfg = Development|Any CPU
		{E4111C00-C166-312B-B982-A7A8102A5F54}.DebugGame Editor|Win64.Build.0 = Development|Any CPU
		{E4111C00-C166-312B-B982-A7A8102A5F54}.DebugGame Editor|Win64-arm64.ActiveCfg = Development|Any CPU
		{E4111C00-C166-312B-B982-A7A8102A5F54}.DebugGame Editor|Win64-arm64.Build.0 = Development|Any CPU
		{E4111C00-C166-312B-B982-A7A8102A5F54}.DebugGame Editor|Win64-arm64ec.ActiveCfg = Development|Any CPU
		{E4111C00-C166-312B-B982-A7A8102A5F54}.DebugGame Editor|Win64-arm64ec.Build.0 = Development|Any CPU
		{E4111C00-C166-312B-B982-A7A8102A5F54}.Development Editor|Win64.ActiveCfg = Development|Any CPU
		{E4111C00-C166-312B-B982-A7A8102A5F54}.Development Editor|Win64.Build.0 = Development|Any CPU
		{E4111C00-C166-312B-B982-A7A8102A5F54}.Development Editor|Win64-arm64.ActiveCfg = Development|Any CPU
		{E4111C00-C166-312B-B982-A7A8102A5F54}.Development Editor|Win64-arm64.Build.0 = Development|Any CPU
		{E4111C00-C166-312B-B982-A7A8102A5F54}.Development Editor|Win64-arm64ec.ActiveCfg = Development|Any CPU
		{E4111C00-C166-312B-B982-A7A8102A5F54}.Development Editor|Win64-arm64ec.Build.0 = Development|Any CPU
		{70923CEE-9007-3178-BDBB-F2F65B9EC6C0}.DebugGame Editor|Win64.ActiveCfg = Development|Any CPU
		{70923CEE-9007-3178-BDBB-F2F65B9EC6C0}.DebugGame Editor|Win64.Build.0 = Development|Any CPU
		{70923CEE-9007-3178-BDBB-F2F65B9EC6C0}.DebugGame Editor|Win64-arm64.ActiveCfg = Development|Any CPU
		{70923CEE-9007-3178-BDBB-F2F65B9EC6C0}.DebugGame Editor|Win64-arm64.Build.0 = Development|Any CPU
		{70923CEE-9007-3178-BDBB-F2F65B9EC6C0}.DebugGame Editor|Win64-arm64ec.ActiveCfg = Development|Any CPU
		{70923CEE-9007-3178-BDBB-F2F65B9EC6C0}.DebugGame Editor|Win64-arm64ec.Build.0 = Development|Any CPU
		{70923CEE-9007-3178-BDBB-F2F65B9EC6C0}.Development Editor|Win64.ActiveCfg = Development|Any CPU
		{70923CEE-9007-3178-BDBB-F2F65B9EC6C0}.Development Editor|Win64.Build.0 = Development|Any CPU
		{70923CEE-9007-3178-BDBB-F2F65B9EC6C0}.Development Editor|Win64-arm64.ActiveCfg = Development|Any CPU
		{70923CEE-9007-3178-BDBB-F2F65B9EC6C0}.Development Editor|Win64-arm64.Build.0 = Development|Any CPU
		{70923CEE-9007-3178-BDBB-F2F65B9EC6C0}.Development Editor|Win64-arm64ec.ActiveCfg = Development|Any CPU
		{70923CEE-9007-3178-BDBB-F2F65B9EC6C0}.Development Editor|Win64-arm64ec.Build.0 = Development|Any CPU
		{020B6080-AD53-35DA-94C6-F3226A9DD002}.DebugGame Editor|Win64.ActiveCfg = Development|Any CPU
		{020B6080-AD53-35DA-94C6-F3226A9DD002}.DebugGame Editor|Win64.Build.0 = Development|Any CPU
		{020B6080-AD53-35DA-94C6-F3226A9DD002}.DebugGame Editor|Win64-arm64.ActiveCfg = Development|Any CPU
		{020B6080-AD53-35DA-94C6-F3226A9DD002}.DebugGame Editor|Win64-arm64.Build.0 = Development|Any CPU
		{020B6080-AD53-35DA-94C6-F3226A9DD002}.DebugGame Editor|Win64-arm64ec.ActiveCfg = Development|Any CPU
		{020B6080-AD53-35DA-94C6-F3226A9DD002}.DebugGame Editor|Win64-arm64ec.Build.0 = Development|Any CPU
		{020B6080-AD53-35DA-94C6-F3226A9DD002}.Development Editor|Win64.ActiveCfg = Development|Any CPU
		{020B6080-AD53-35DA-94C6-F3226A9DD002}.Development Editor|Win64.Build.0 = Development|Any CPU
		{020B6080-AD53-35DA-94C6-F3226A9DD002}.Development Editor|Win64-arm64.ActiveCfg = Development|Any CPU
		{020B6080-AD53-35DA-94C6-F3226A9DD002}.Development Editor|Win64-arm64.Build.0 = Development|Any CPU
		{020B6080-AD53-35DA-94C6-F3226A9DD002}.Development Editor|Win64-arm64ec.ActiveCfg = Development|Any CPU
		{020B6080-AD53-35DA-94C6-F3226A9DD002}.Development Editor|Win64-arm64ec.Build.0 = Development|Any CPU
		{95A46CA0-6737-37C5-A652-463EC5CD7CC0}.DebugGame Editor|Win64.ActiveCfg = Development|Any CPU
		{95A46CA0-6737-37C5-A652-463EC5CD7CC0}.DebugGame Editor|Win64.Build.0 = Development|Any CPU
		{95A46CA0-6737-37C5-A652-463EC5CD7CC0}.DebugGame Editor|Win64-arm64.ActiveCfg = Development|Any CPU
		{95A46CA0-6737-37C5-A652-463EC5CD7CC0}.DebugGame Editor|Win64-arm64.Build.0 = Development|Any CPU
		{95A46CA0-6737-37C5-A652-463EC5CD7CC0}.DebugGame Editor|Win64-arm64ec.ActiveCfg = Development|Any CPU
		{95A46CA0-6737-37C5-A652-463EC5CD7CC0}.DebugGame Editor|Win64-arm64ec.Build.0 = Development|Any CPU
		{95A46CA0-6737-37C5-A652-463EC5CD7CC0}.Development Editor|Win64.ActiveCfg = Development|Any CPU
		{95A46CA0-6737-37C5-A652-463EC5CD7CC0}.Development Editor|Win64.Build.0 = Development|Any CPU
		{95A46CA0-6737-37C5-A652-463EC5CD7CC0}.Development Editor|Win64-arm64.ActiveCfg = Development|Any CPU
		{95A46CA0-6737-37C5-A652-463EC5CD7CC0}.Development Editor|Win64-arm64.Build.0 = Development|Any CPU
		{95A46CA0-6737-37C5-A652-463EC5CD7CC0}.Development Editor|Win64-arm64ec.ActiveCfg = Development|Any CPU
		{95A46CA0-6737-37C5-A652-463EC5CD7CC0}.Development Editor|Win64-arm64ec.Build.0 = Development|Any CPU
		{2F75A1EE-B4FF-31E9-B7D1-88BFF69F7C3B}.DebugGame Editor|Win64.ActiveCfg = Development|Any CPU
		{2F75A1EE-B4FF-31E9-B7D1-88BFF69F7C3B}.DebugGame Editor|Win64.Build.0 = Development|Any CPU
		{2F75A1EE-B4FF-31E9-B7D1-88BFF69F7C3B}.DebugGame Editor|Win64-arm64.ActiveCfg = Development|Any CPU
		{2F75A1EE-B4FF-31E9-B7D1-88BFF69F7C3B}.DebugGame Editor|Win64-arm64.Build.0 = Development|Any CPU
		{2F75A1EE-B4FF-31E9-B7D1-88BFF69F7C3B}.DebugGame Editor|Win64-arm64ec.ActiveCfg = Development|Any CPU
		{2F75A1EE-B4FF-31E9-B7D1-88BFF69F7C3B}.DebugGame Editor|Win64-arm64ec.Build.0 = Development|Any CPU
		{2F75A1EE-B4FF-31E9-B7D1-88BFF69F7C3B}.Development Editor|Win64.ActiveCfg = Development|Any CPU
		{2F75A1EE-B4FF-31E9-B7D1-88BFF69F7C3B}.Development Editor|Win64.Build.0 = Development|Any CPU
		{2F75A1EE-B4FF-31E9-B7D1-88BFF69F7C3B}.Development Editor|Win64-arm64.ActiveCfg = Development|Any CPU
		{2F75A1EE-B4FF-31E9-B7D1-88BFF69F7C3B}.Development Editor|Win64-arm64.Build.0 = Development|Any CPU
		{2F75A1EE-B4FF-31E9-B7D1-88BFF69F7C3B}.Development Editor|Win64-arm64ec.ActiveCfg = Development|Any CPU
		{2F75A1EE-B4FF-31E9-B7D1-88BFF69F7C3B}.Development Editor|Win64-arm64ec.Build.0 = Development|Any CPU
		{8E3E4B51-8A9E-3DEF-8A3E-52BCCD7E44CB}.DebugGame Editor|Win64.ActiveCfg = Development|Any CPU
		{8E3E4B51-8A9E-3DEF-8A3E-52BCCD7E44CB}.DebugGame Editor|Win64.Build.0 = Development|Any CPU
		{8E3E4B51-8A9E-3DEF-8A3E-52BCCD7E44CB}.DebugGame Editor|Win64-arm64.ActiveCfg = Development|Any CPU
		{8E3E4B51-8A9E-3DEF-8A3E-52BCCD7E44CB}.DebugGame Editor|Win64-arm64.Build.0 = Development|Any CPU
		{8E3E4B51-8A9E-3DEF-8A3E-52BCCD7E44CB}.DebugGame Editor|Win64-arm64ec.ActiveCfg = Development|Any CPU
		{8E3E4B51-8A9E-3DEF-8A3E-52BCCD7E44CB}.DebugGame Editor|Win64-arm64ec.Build.0 = Development|Any CPU
		{8E3E4B51-8A9E-3DEF-8A3E-52BCCD7E44CB}.Development Editor|Win64.ActiveCfg = Development|Any CPU
		{8E3E4B51-8A9E-3DEF-8A3E-52BCCD7E44CB}.Development Editor|Win64.Build.0 = Development|Any CPU
		{8E3E4B51-8A9E-3DEF-8A3E-52BCCD7E44CB}.Development Editor|Win64-arm64.ActiveCfg = Development|Any CPU
		{8E3E4B51-8A9E-3DEF-8A3E-52BCCD7E44CB}.Development Editor|Win64-arm64.Build.0 = Development|Any CPU
		{8E3E4B51-8A9E-3DEF-8A3E-52BCCD7E44CB}.Development Editor|Win64-arm64ec.ActiveCfg = Development|Any CPU
		{8E3E4B51-8A9E-3DEF-8A3E-52BCCD7E44CB}.Development Editor|Win64-arm64ec.Build.0 = Development|Any CPU
		{7C00A884-6CFD-311C-9146-CDCC8B627028}.DebugGame Editor|Win64.ActiveCfg = Development|Any CPU
		{7C00A884-6CFD-311C-9146-CDCC8B627028}.DebugGame Editor|Win64.Build.0 = Development|Any CPU
		{7C00A884-6CFD-311C-9146-CDCC8B627028}.DebugGame Editor|Win64-arm64.ActiveCfg = Development|Any CPU
		{7C00A884-6CFD-311C-9146-CDCC8B627028}.DebugGame Editor|Win64-arm64.Build.0 = Development|Any CPU
		{7C00A884-6CFD-311C-9146-CDCC8B627028}.DebugGame Editor|Win64-arm64ec.ActiveCfg = Development|Any CPU
		{7C00A884-6CFD-311C-9146-CDCC8B627028}.DebugGame Editor|Win64-arm64ec.Build.0 = Development|Any CPU
		{7C00A884-6CFD-311C-9146-CDCC8B627028}.Development Editor|Win64.ActiveCfg = Development|Any CPU
		{7C00A884-6CFD-311C-9146-CDCC8B627028}.Development Editor|Win64.Build.0 = Development|Any CPU
		{7C00A884-6CFD-311C-9146-CDCC8B627028}.Development Editor|Win64-arm64.ActiveCfg = Development|Any CPU
		{7C00A884-6CFD-311C-9146-CDCC8B627028}.Development Editor|Win64-arm64.Build.0 = Development|Any CPU
		{7C00A884-6CFD-311C-9146-CDCC8B627028}.Development Editor|Win64-arm64ec.ActiveCfg = Development|Any CPU
		{7C00A884-6CFD-311C-9146-CDCC8B627028}.Development Editor|Win64-arm64ec.Build.0 = Development|Any CPU
		{74015A02-6F58-33DA-9DDB-AB2E92C698EA}.DebugGame Editor|Win64.ActiveCfg = Development|Any CPU
		{74015A02-6F58-33DA-9DDB-AB2E92C698EA}.DebugGame Editor|Win64.Build.0 = Development|Any CPU
		{74015A02-6F58-33DA-9DDB-AB2E92C698EA}.DebugGame Editor|Win64-arm64.ActiveCfg = Development|Any CPU
		{74015A02-6F58-33DA-9DDB-AB2E92C698EA}.DebugGame Editor|Win64-arm64.Build.0 = Development|Any CPU
		{74015A02-6F58-33DA-9DDB-AB2E92C698EA}.DebugGame Editor|Win64-arm64ec.ActiveCfg = Development|Any CPU
		{74015A02-6F58-33DA-9DDB-AB2E92C698EA}.DebugGame Editor|Win64-arm64ec.Build.0 = Development|Any CPU
		{74015A02-6F58-33DA-9DDB-AB2E92C698EA}.Development Editor|Win64.ActiveCfg = Development|Any CPU
		{74015A02-6F58-33DA-9DDB-AB2E92C698EA}.Development Editor|Win64.Build.0 = Development|Any CPU
		{74015A02-6F58-33DA-9DDB-AB2E92C698EA}.Development Editor|Win64-arm64.ActiveCfg = Development|Any CPU
		{74015A02-6F58-33DA-9DDB-AB2E92C698EA}.Development Editor|Win64-arm64.Build.0 = Development|Any CPU
		{74015A02-6F58-33DA-9DDB-AB2E92C698EA}.Development Editor|Win64-arm64ec.ActiveCfg = Development|Any CPU
		{74015A02-6F58-33DA-9DDB-AB2E92C698EA}.Development Editor|Win64-arm64ec.Build.0 = Development|Any CPU
		{627FF316-9ED3-36DC-8196-8F40AB1EAF5B}.DebugGame Editor|Win64.ActiveCfg = Development|Any CPU
		{627FF316-9ED3-36DC-8196-8F40AB1EAF5B}.DebugGame Editor|Win64.Build.0 = Development|Any CPU
		{627FF316-9ED3-36DC-8196-8F40AB1EAF5B}.DebugGame Editor|Win64-arm64.ActiveCfg = Development|Any CPU
		{627FF316-9ED3-36DC-8196-8F40AB1EAF5B}.DebugGame Editor|Win64-arm64.Build.0 = Development|Any CPU
		{627FF316-9ED3-36DC-8196-8F40AB1EAF5B}.DebugGame Editor|Win64-arm64ec.ActiveCfg = Development|Any CPU
		{627FF316-9ED3-36DC-8196-8F40AB1EAF5B}.DebugGame Editor|Win64-arm64ec.Build.0 = Development|Any CPU
		{627FF316-9ED3-36DC-8196-8F40AB1EAF5B}.Development Editor|Win64.ActiveCfg = Development|Any CPU
		{627FF316-9ED3-36DC-8196-8F40AB1EAF5B}.Development Editor|Win64.Build.0 = Development|Any CPU
		{627FF316-9ED3-36DC-8196-8F40AB1EAF5B}.Development Editor|Win64-arm64.ActiveCfg = Development|Any CPU
		{627FF316-9ED3-36DC-8196-8F40AB1EAF5B}.Development Editor|Win64-arm64.Build.0 = Development|Any CPU
		{627FF316-9ED3-36DC-8196-8F40AB1EAF5B}.Development Editor|Win64-arm64ec.ActiveCfg = Development|Any CPU
		{627FF316-9ED3-36DC-8196-8F40AB1EAF5B}.Development Editor|Win64-arm64ec.Build.0 = Development|Any CPU
		{2C2C95D5-EA58-338D-9968-E9A845EA8D0E}.DebugGame Editor|Win64.ActiveCfg = Development|Any CPU
		{2C2C95D5-EA58-338D-9968-E9A845EA8D0E}.DebugGame Editor|Win64.Build.0 = Development|Any CPU
		{2C2C95D5-EA58-338D-9968-E9A845EA8D0E}.DebugGame Editor|Win64-arm64.ActiveCfg = Development|Any CPU
		{2C2C95D5-EA58-338D-9968-E9A845EA8D0E}.DebugGame Editor|Win64-arm64.Build.0 = Development|Any CPU
		{2C2C95D5-EA58-338D-9968-E9A845EA8D0E}.DebugGame Editor|Win64-arm64ec.ActiveCfg = Development|Any CPU
		{2C2C95D5-EA58-338D-9968-E9A845EA8D0E}.DebugGame Editor|Win64-arm64ec.Build.0 = Development|Any CPU
		{2C2C95D5-EA58-338D-9968-E9A845EA8D0E}.Development Editor|Win64.ActiveCfg = Development|Any CPU
		{2C2C95D5-EA58-338D-9968-E9A845EA8D0E}.Development Editor|Win64.Build.0 = Development|Any CPU
		{2C2C95D5-EA58-338D-9968-E9A845EA8D0E}.Development Editor|Win64-arm64.ActiveCfg = Development|Any CPU
		{2C2C95D5-EA58-338D-9968-E9A845EA8D0E}.Development Editor|Win64-arm64.Build.0 = Development|Any CPU
		{2C2C95D5-EA58-338D-9968-E9A845EA8D0E}.Development Editor|Win64-arm64ec.ActiveCfg = Development|Any CPU
		{2C2C95D5-EA58-338D-9968-E9A845EA8D0E}.Development Editor|Win64-arm64ec.Build.0 = Development|Any CPU
		{A74CD747-8876-3650-8042-E042084D524E}.DebugGame Editor|Win64.ActiveCfg = Development|Any CPU
		{A74CD747-8876-3650-8042-E042084D524E}.DebugGame Editor|Win64.Build.0 = Development|Any CPU
		{A74CD747-8876-3650-8042-E042084D524E}.DebugGame Editor|Win64-arm64.ActiveCfg = Development|Any CPU
		{A74CD747-8876-3650-8042-E042084D524E}.DebugGame Editor|Win64-arm64.Build.0 = Development|Any CPU
		{A74CD747-8876-3650-8042-E042084D524E}.DebugGame Editor|Win64-arm64ec.ActiveCfg = Development|Any CPU
		{A74CD747-8876-3650-8042-E042084D524E}.DebugGame Editor|Win64-arm64ec.Build.0 = Development|Any CPU
		{A74CD747-8876-3650-8042-E042084D524E}.Development Editor|Win64.ActiveCfg = Development|Any CPU
		{A74CD747-8876-3650-8042-E042084D524E}.Development Editor|Win64.Build.0 = Development|Any CPU
		{A74CD747-8876-3650-8042-E042084D524E}.Development Editor|Win64-arm64.ActiveCfg = Development|Any CPU
		{A74CD747-8876-3650-8042-E042084D524E}.Development Editor|Win64-arm64.Build.0 = Development|Any CPU
		{A74CD747-8876-3650-8042-E042084D524E}.Development Editor|Win64-arm64ec.ActiveCfg = Development|Any CPU
		{A74CD747-8876-3650-8042-E042084D524E}.Development Editor|Win64-arm64ec.Build.0 = Development|Any CPU
		{75652181-43DA-3D53-82A7-5EEDA2E01648}.DebugGame Editor|Win64.ActiveCfg = Development|Any CPU
		{75652181-43DA-3D53-82A7-5EEDA2E01648}.DebugGame Editor|Win64.Build.0 = Development|Any CPU
		{75652181-43DA-3D53-82A7-5EEDA2E01648}.DebugGame Editor|Win64-arm64.ActiveCfg = Development|Any CPU
		{75652181-43DA-3D53-82A7-5EEDA2E01648}.DebugGame Editor|Win64-arm64.Build.0 = Development|Any CPU
		{75652181-43DA-3D53-82A7-5EEDA2E01648}.DebugGame Editor|Win64-arm64ec.ActiveCfg = Development|Any CPU
		{75652181-43DA-3D53-82A7-5EEDA2E01648}.DebugGame Editor|Win64-arm64ec.Build.0 = Development|Any CPU
		{75652181-43DA-3D53-82A7-5EEDA2E01648}.Development Editor|Win64.ActiveCfg = Development|Any CPU
		{75652181-43DA-3D53-82A7-5EEDA2E01648}.Development Editor|Win64.Build.0 = Development|Any CPU
		{75652181-43DA-3D53-82A7-5EEDA2E01648}.Development Editor|Win64-arm64.ActiveCfg = Development|Any CPU
		{75652181-43DA-3D53-82A7-5EEDA2E01648}.Development Editor|Win64-arm64.Build.0 = Development|Any CPU
		{75652181-43DA-3D53-82A7-5EEDA2E01648}.Development Editor|Win64-arm64ec.ActiveCfg = Development|Any CPU
		{75652181-43DA-3D53-82A7-5EEDA2E01648}.Development Editor|Win64-arm64ec.Build.0 = Development|Any CPU
		{7F993E55-EF9B-3444-9CD1-657752564F30}.DebugGame Editor|Win64.ActiveCfg = Development|Any CPU
		{7F993E55-EF9B-3444-9CD1-657752564F30}.DebugGame Editor|Win64.Build.0 = Development|Any CPU
		{7F993E55-EF9B-3444-9CD1-657752564F30}.DebugGame Editor|Win64-arm64.ActiveCfg = Development|Any CPU
		{7F993E55-EF9B-3444-9CD1-657752564F30}.DebugGame Editor|Win64-arm64.Build.0 = Development|Any CPU
		{7F993E55-EF9B-3444-9CD1-657752564F30}.DebugGame Editor|Win64-arm64ec.ActiveCfg = Development|Any CPU
		{7F993E55-EF9B-3444-9CD1-657752564F30}.DebugGame Editor|Win64-arm64ec.Build.0 = Development|Any CPU
		{7F993E55-EF9B-3444-9CD1-657752564F30}.Development Editor|Win64.ActiveCfg = Development|Any CPU
		{7F993E55-EF9B-3444-9CD1-657752564F30}.Development Editor|Win64.Build.0 = Development|Any CPU
		{7F993E55-EF9B-3444-9CD1-657752564F30}.Development Editor|Win64-arm64.ActiveCfg = Development|Any CPU
		{7F993E55-EF9B-3444-9CD1-657752564F30}.Development Editor|Win64-arm64.Build.0 = Development|Any CPU
		{7F993E55-EF9B-3444-9CD1-657752564F30}.Development Editor|Win64-arm64ec.ActiveCfg = Development|Any CPU
		{7F993E55-EF9B-3444-9CD1-657752564F30}.Development Editor|Win64-arm64ec.Build.0 = Development|Any CPU
		{B63B871A-9F06-38F4-9E6B-29D8ED91B966}.DebugGame Editor|Win64.ActiveCfg = Development|Any CPU
		{B63B871A-9F06-38F4-9E6B-29D8ED91B966}.DebugGame Editor|Win64.Build.0 = Development|Any CPU
		{B63B871A-9F06-38F4-9E6B-29D8ED91B966}.DebugGame Editor|Win64-arm64.ActiveCfg = Development|Any CPU
		{B63B871A-9F06-38F4-9E6B-29D8ED91B966}.DebugGame Editor|Win64-arm64.Build.0 = Development|Any CPU
		{B63B871A-9F06-38F4-9E6B-29D8ED91B966}.DebugGame Editor|Win64-arm64ec.ActiveCfg = Development|Any CPU
		{B63B871A-9F06-38F4-9E6B-29D8ED91B966}.DebugGame Editor|Win64-arm64ec.Build.0 = Development|Any CPU
		{B63B871A-9F06-38F4-9E6B-29D8ED91B966}.Development Editor|Win64.ActiveCfg = Development|Any CPU
		{B63B871A-9F06-38F4-9E6B-29D8ED91B966}.Development Editor|Win64.Build.0 = Development|Any CPU
		{B63B871A-9F06-38F4-9E6B-29D8ED91B966}.Development Editor|Win64-arm64.ActiveCfg = Development|Any CPU
		{B63B871A-9F06-38F4-9E6B-29D8ED91B966}.Development Editor|Win64-arm64.Build.0 = Development|Any CPU
		{B63B871A-9F06-38F4-9E6B-29D8ED91B966}.Development Editor|Win64-arm64ec.ActiveCfg = Development|Any CPU
		{B63B871A-9F06-38F4-9E6B-29D8ED91B966}.Development Editor|Win64-arm64ec.Build.0 = Development|Any CPU
		{9037C8BE-8238-362A-B6B3-65783347F3A8}.DebugGame Editor|Win64.ActiveCfg = Development|Any CPU
		{9037C8BE-8238-362A-B6B3-65783347F3A8}.DebugGame Editor|Win64.Build.0 = Development|Any CPU
		{9037C8BE-8238-362A-B6B3-65783347F3A8}.DebugGame Editor|Win64-arm64.ActiveCfg = Development|Any CPU
		{9037C8BE-8238-362A-B6B3-65783347F3A8}.DebugGame Editor|Win64-arm64.Build.0 = Development|Any CPU
		{9037C8BE-8238-362A-B6B3-65783347F3A8}.DebugGame Editor|Win64-arm64ec.ActiveCfg = Development|Any CPU
		{9037C8BE-8238-362A-B6B3-65783347F3A8}.DebugGame Editor|Win64-arm64ec.Build.0 = Development|Any CPU
		{9037C8BE-8238-362A-B6B3-65783347F3A8}.Development Editor|Win64.ActiveCfg = Development|Any CPU
		{9037C8BE-8238-362A-B6B3-65783347F3A8}.Development Editor|Win64.Build.0 = Development|Any CPU
		{9037C8BE-8238-362A-B6B3-65783347F3A8}.Development Editor|Win64-arm64.ActiveCfg = Development|Any CPU
		{9037C8BE-8238-362A-B6B3-65783347F3A8}.Development Editor|Win64-arm64.Build.0 = Development|Any CPU
		{9037C8BE-8238-362A-B6B3-65783347F3A8}.Development Editor|Win64-arm64ec.ActiveCfg = Development|Any CPU
		{9037C8BE-8238-362A-B6B3-65783347F3A8}.Development Editor|Win64-arm64ec.Build.0 = Development|Any CPU
		{D5F05E1B-5E58-357B-99A7-104EE5582A52}.DebugGame Editor|Win64.ActiveCfg = Development|Any CPU
		{D5F05E1B-5E58-357B-99A7-104EE5582A52}.DebugGame Editor|Win64.Build.0 = Development|Any CPU
		{D5F05E1B-5E58-357B-99A7-104EE5582A52}.DebugGame Editor|Win64-arm64.ActiveCfg = Development|Any CPU
		{D5F05E1B-5E58-357B-99A7-104EE5582A52}.DebugGame Editor|Win64-arm64.Build.0 = Development|Any CPU
		{D5F05E1B-5E58-357B-99A7-104EE5582A52}.DebugGame Editor|Win64-arm64ec.ActiveCfg = Development|Any CPU
		{D5F05E1B-5E58-357B-99A7-104EE5582A52}.DebugGame Editor|Win64-arm64ec.Build.0 = Development|Any CPU
		{D5F05E1B-5E58-357B-99A7-104EE5582A52}.Development Editor|Win64.ActiveCfg = Development|Any CPU
		{D5F05E1B-5E58-357B-99A7-104EE5582A52}.Development Editor|Win64.Build.0 = Development|Any CPU
		{D5F05E1B-5E58-357B-99A7-104EE5582A52}.Development Editor|Win64-arm64.ActiveCfg = Development|Any CPU
		{D5F05E1B-5E58-357B-99A7-104EE5582A52}.Development Editor|Win64-arm64.Build.0 = Development|Any CPU
		{D5F05E1B-5E58-357B-99A7-104EE5582A52}.Development Editor|Win64-arm64ec.ActiveCfg = Development|Any CPU
		{D5F05E1B-5E58-357B-99A7-104EE5582A52}.Development Editor|Win64-arm64ec.Build.0 = Development|Any CPU
		{0146B4C1-84B7-3117-BAE3-04DBFA843572}.DebugGame Editor|Win64.ActiveCfg = Development|Any CPU
		{0146B4C1-84B7-3117-BAE3-04DBFA843572}.DebugGame Editor|Win64.Build.0 = Development|Any CPU
		{0146B4C1-84B7-3117-BAE3-04DBFA843572}.DebugGame Editor|Win64-arm64.ActiveCfg = Development|Any CPU
		{0146B4C1-84B7-3117-BAE3-04DBFA843572}.DebugGame Editor|Win64-arm64.Build.0 = Development|Any CPU
		{0146B4C1-84B7-3117-BAE3-04DBFA843572}.DebugGame Editor|Win64-arm64ec.ActiveCfg = Development|Any CPU
		{0146B4C1-84B7-3117-BAE3-04DBFA843572}.DebugGame Editor|Win64-arm64ec.Build.0 = Development|Any CPU
		{0146B4C1-84B7-3117-BAE3-04DBFA843572}.Development Editor|Win64.ActiveCfg = Development|Any CPU
		{0146B4C1-84B7-3117-BAE3-04DBFA843572}.Development Editor|Win64.Build.0 = Development|Any CPU
		{0146B4C1-84B7-3117-BAE3-04DBFA843572}.Development Editor|Win64-arm64.ActiveCfg = Development|Any CPU
		{0146B4C1-84B7-3117-BAE3-04DBFA843572}.Development Editor|Win64-arm64.Build.0 = Development|Any CPU
		{0146B4C1-84B7-3117-BAE3-04DBFA843572}.Development Editor|Win64-arm64ec.ActiveCfg = Development|Any CPU
		{0146B4C1-84B7-3117-BAE3-04DBFA843572}.Development Editor|Win64-arm64ec.Build.0 = Development|Any CPU
		{855F6ED3-7E86-3775-8A80-821FB9953532}.DebugGame Editor|Win64.ActiveCfg = Development|Any CPU
		{855F6ED3-7E86-3775-8A80-821FB9953532}.DebugGame Editor|Win64.Build.0 = Development|Any CPU
		{855F6ED3-7E86-3775-8A80-821FB9953532}.DebugGame Editor|Win64-arm64.ActiveCfg = Development|Any CPU
		{855F6ED3-7E86-3775-8A80-821FB9953532}.DebugGame Editor|Win64-arm64.Build.0 = Development|Any CPU
		{855F6ED3-7E86-3775-8A80-821FB9953532}.DebugGame Editor|Win64-arm64ec.ActiveCfg = Development|Any CPU
		{855F6ED3-7E86-3775-8A80-821FB9953532}.DebugGame Editor|Win64-arm64ec.Build.0 = Development|Any CPU
		{855F6ED3-7E86-3775-8A80-821FB9953532}.Development Editor|Win64.ActiveCfg = Development|Any CPU
		{855F6ED3-7E86-3775-8A80-821FB9953532}.Development Editor|Win64.Build.0 = Development|Any CPU
		{855F6ED3-7E86-3775-8A80-821FB9953532}.Development Editor|Win64-arm64.ActiveCfg = Development|Any CPU
		{855F6ED3-7E86-3775-8A80-821FB9953532}.Development Editor|Win64-arm64.Build.0 = Development|Any CPU
		{855F6ED3-7E86-3775-8A80-821FB9953532}.Development Editor|Win64-arm64ec.ActiveCfg = Development|Any CPU
		{855F6ED3-7E86-3775-8A80-821FB9953532}.Development Editor|Win64-arm64ec.Build.0 = Development|Any CPU
		{99170B29-F207-3155-892A-4BE6D0A38602}.DebugGame Editor|Win64.ActiveCfg = Development|Any CPU
		{99170B29-F207-3155-892A-4BE6D0A38602}.DebugGame Editor|Win64.Build.0 = Development|Any CPU
		{99170B29-F207-3155-892A-4BE6D0A38602}.DebugGame Editor|Win64-arm64.ActiveCfg = Development|Any CPU
		{99170B29-F207-3155-892A-4BE6D0A38602}.DebugGame Editor|Win64-arm64.Build.0 = Development|Any CPU
		{99170B29-F207-3155-892A-4BE6D0A38602}.DebugGame Editor|Win64-arm64ec.ActiveCfg = Development|Any CPU
		{99170B29-F207-3155-892A-4BE6D0A38602}.DebugGame Editor|Win64-arm64ec.Build.0 = Development|Any CPU
		{99170B29-F207-3155-892A-4BE6D0A38602}.Development Editor|Win64.ActiveCfg = Development|Any CPU
		{99170B29-F207-3155-892A-4BE6D0A38602}.Development Editor|Win64.Build.0 = Development|Any CPU
		{99170B29-F207-3155-892A-4BE6D0A38602}.Development Editor|Win64-arm64.ActiveCfg = Development|Any CPU
		{99170B29-F207-3155-892A-4BE6D0A38602}.Development Editor|Win64-arm64.Build.0 = Development|Any CPU
		{99170B29-F207-3155-892A-4BE6D0A38602}.Development Editor|Win64-arm64ec.ActiveCfg = Development|Any CPU
		{99170B29-F207-3155-892A-4BE6D0A38602}.Development Editor|Win64-arm64ec.Build.0 = Development|Any CPU
		{2353939F-840A-3358-B390-182C7460C112}.DebugGame Editor|Win64.ActiveCfg = Development|Any CPU
		{2353939F-840A-3358-B390-182C7460C112}.DebugGame Editor|Win64.Build.0 = Development|Any CPU
		{2353939F-840A-3358-B390-182C7460C112}.DebugGame Editor|Win64-arm64.ActiveCfg = Development|Any CPU
		{2353939F-840A-3358-B390-182C7460C112}.DebugGame Editor|Win64-arm64.Build.0 = Development|Any CPU
		{2353939F-840A-3358-B390-182C7460C112}.DebugGame Editor|Win64-arm64ec.ActiveCfg = Development|Any CPU
		{2353939F-840A-3358-B390-182C7460C112}.DebugGame Editor|Win64-arm64ec.Build.0 = Development|Any CPU
		{2353939F-840A-3358-B390-182C7460C112}.Development Editor|Win64.ActiveCfg = Development|Any CPU
		{2353939F-840A-3358-B390-182C7460C112}.Development Editor|Win64.Build.0 = Development|Any CPU
		{2353939F-840A-3358-B390-182C7460C112}.Development Editor|Win64-arm64.ActiveCfg = Development|Any CPU
		{2353939F-840A-3358-B390-182C7460C112}.Development Editor|Win64-arm64.Build.0 = Development|Any CPU
		{2353939F-840A-3358-B390-182C7460C112}.Development Editor|Win64-arm64ec.ActiveCfg = Development|Any CPU
		{2353939F-840A-3358-B390-182C7460C112}.Development Editor|Win64-arm64ec.Build.0 = Development|Any CPU
		{B84D81E6-5BDF-358E-BBDC-182E4422214E}.DebugGame Editor|Win64.ActiveCfg = Development|Any CPU
		{B84D81E6-5BDF-358E-BBDC-182E4422214E}.DebugGame Editor|Win64.Build.0 = Development|Any CPU
		{B84D81E6-5BDF-358E-BBDC-182E4422214E}.DebugGame Editor|Win64-arm64.ActiveCfg = Development|Any CPU
		{B84D81E6-5BDF-358E-BBDC-182E4422214E}.DebugGame Editor|Win64-arm64.Build.0 = Development|Any CPU
		{B84D81E6-5BDF-358E-BBDC-182E4422214E}.DebugGame Editor|Win64-arm64ec.ActiveCfg = Development|Any CPU
		{B84D81E6-5BDF-358E-BBDC-182E4422214E}.DebugGame Editor|Win64-arm64ec.Build.0 = Development|Any CPU
		{B84D81E6-5BDF-358E-BBDC-182E4422214E}.Development Editor|Win64.ActiveCfg = Development|Any CPU
		{B84D81E6-5BDF-358E-BBDC-182E4422214E}.Development Editor|Win64.Build.0 = Development|Any CPU
		{B84D81E6-5BDF-358E-BBDC-182E4422214E}.Development Editor|Win64-arm64.ActiveCfg = Development|Any CPU
		{B84D81E6-5BDF-358E-BBDC-182E4422214E}.Development Editor|Win64-arm64.Build.0 = Development|Any CPU
		{B84D81E6-5BDF-358E-BBDC-182E4422214E}.Development Editor|Win64-arm64ec.ActiveCfg = Development|Any CPU
		{B84D81E6-5BDF-358E-BBDC-182E4422214E}.Development Editor|Win64-arm64ec.Build.0 = Development|Any CPU
		{402A11AD-631D-30C4-AE0A-9EECDD827FCD}.DebugGame Editor|Win64.ActiveCfg = Development|Any CPU
		{402A11AD-631D-30C4-AE0A-9EECDD827FCD}.DebugGame Editor|Win64.Build.0 = Development|Any CPU
		{402A11AD-631D-30C4-AE0A-9EECDD827FCD}.DebugGame Editor|Win64-arm64.ActiveCfg = Development|Any CPU
		{402A11AD-631D-30C4-AE0A-9EECDD827FCD}.DebugGame Editor|Win64-arm64.Build.0 = Development|Any CPU
		{402A11AD-631D-30C4-AE0A-9EECDD827FCD}.DebugGame Editor|Win64-arm64ec.ActiveCfg = Development|Any CPU
		{402A11AD-631D-30C4-AE0A-9EECDD827FCD}.DebugGame Editor|Win64-arm64ec.Build.0 = Development|Any CPU
		{402A11AD-631D-30C4-AE0A-9EECDD827FCD}.Development Editor|Win64.ActiveCfg = Development|Any CPU
		{402A11AD-631D-30C4-AE0A-9EECDD827FCD}.Development Editor|Win64.Build.0 = Development|Any CPU
		{402A11AD-631D-30C4-AE0A-9EECDD827FCD}.Development Editor|Win64-arm64.ActiveCfg = Development|Any CPU
		{402A11AD-631D-30C4-AE0A-9EECDD827FCD}.Development Editor|Win64-arm64.Build.0 = Development|Any CPU
		{402A11AD-631D-30C4-AE0A-9EECDD827FCD}.Development Editor|Win64-arm64ec.ActiveCfg = Development|Any CPU
		{402A11AD-631D-30C4-AE0A-9EECDD827FCD}.Development Editor|Win64-arm64ec.Build.0 = Development|Any CPU
		{F1B75830-D817-3A4E-B989-18DD1A79B1B6}.DebugGame Editor|Win64.ActiveCfg = Development|Any CPU
		{F1B75830-D817-3A4E-B989-18DD1A79B1B6}.DebugGame Editor|Win64.Build.0 = Development|Any CPU
		{F1B75830-D817-3A4E-B989-18DD1A79B1B6}.DebugGame Editor|Win64-arm64.ActiveCfg = Development|Any CPU
		{F1B75830-D817-3A4E-B989-18DD1A79B1B6}.DebugGame Editor|Win64-arm64.Build.0 = Development|Any CPU
		{F1B75830-D817-3A4E-B989-18DD1A79B1B6}.DebugGame Editor|Win64-arm64ec.ActiveCfg = Development|Any CPU
		{F1B75830-D817-3A4E-B989-18DD1A79B1B6}.DebugGame Editor|Win64-arm64ec.Build.0 = Development|Any CPU
		{F1B75830-D817-3A4E-B989-18DD1A79B1B6}.Development Editor|Win64.ActiveCfg = Development|Any CPU
		{F1B75830-D817-3A4E-B989-18DD1A79B1B6}.Development Editor|Win64.Build.0 = Development|Any CPU
		{F1B75830-D817-3A4E-B989-18DD1A79B1B6}.Development Editor|Win64-arm64.ActiveCfg = Development|Any CPU
		{F1B75830-D817-3A4E-B989-18DD1A79B1B6}.Development Editor|Win64-arm64.Build.0 = Development|Any CPU
		{F1B75830-D817-3A4E-B989-18DD1A79B1B6}.Development Editor|Win64-arm64ec.ActiveCfg = Development|Any CPU
		{F1B75830-D817-3A4E-B989-18DD1A79B1B6}.Development Editor|Win64-arm64ec.Build.0 = Development|Any CPU
		{8F56263E-A274-37A4-8623-2C74C238FC4D}.DebugGame Editor|Win64.ActiveCfg = Development|Any CPU
		{8F56263E-A274-37A4-8623-2C74C238FC4D}.DebugGame Editor|Win64.Build.0 = Development|Any CPU
		{8F56263E-A274-37A4-8623-2C74C238FC4D}.DebugGame Editor|Win64-arm64.ActiveCfg = Development|Any CPU
		{8F56263E-A274-37A4-8623-2C74C238FC4D}.DebugGame Editor|Win64-arm64.Build.0 = Development|Any CPU
		{8F56263E-A274-37A4-8623-2C74C238FC4D}.DebugGame Editor|Win64-arm64ec.ActiveCfg = Development|Any CPU
		{8F56263E-A274-37A4-8623-2C74C238FC4D}.DebugGame Editor|Win64-arm64ec.Build.0 = Development|Any CPU
		{8F56263E-A274-37A4-8623-2C74C238FC4D}.Development Editor|Win64.ActiveCfg = Development|Any CPU
		{8F56263E-A274-37A4-8623-2C74C238FC4D}.Development Editor|Win64.Build.0 = Development|Any CPU
		{8F56263E-A274-37A4-8623-2C74C238FC4D}.Development Editor|Win64-arm64.ActiveCfg = Development|Any CPU
		{8F56263E-A274-37A4-8623-2C74C238FC4D}.Development Editor|Win64-arm64.Build.0 = Development|Any CPU
		{8F56263E-A274-37A4-8623-2C74C238FC4D}.Development Editor|Win64-arm64ec.ActiveCfg = Development|Any CPU
		{8F56263E-A274-37A4-8623-2C74C238FC4D}.Development Editor|Win64-arm64ec.Build.0 = Development|Any CPU
		{7923B6E2-A474-30E3-860C-CEC21CA3C718}.DebugGame Editor|Win64.ActiveCfg = Development|Any CPU
		{7923B6E2-A474-30E3-860C-CEC21CA3C718}.DebugGame Editor|Win64.Build.0 = Development|Any CPU
		{7923B6E2-A474-30E3-860C-CEC21CA3C718}.DebugGame Editor|Win64-arm64.ActiveCfg = Development|Any CPU
		{7923B6E2-A474-30E3-860C-CEC21CA3C718}.DebugGame Editor|Win64-arm64.Build.0 = Development|Any CPU
		{7923B6E2-A474-30E3-860C-CEC21CA3C718}.DebugGame Editor|Win64-arm64ec.ActiveCfg = Development|Any CPU
		{7923B6E2-A474-30E3-860C-CEC21CA3C718}.DebugGame Editor|Win64-arm64ec.Build.0 = Development|Any CPU
		{7923B6E2-A474-30E3-860C-CEC21CA3C718}.Development Editor|Win64.ActiveCfg = Development|Any CPU
		{7923B6E2-A474-30E3-860C-CEC21CA3C718}.Development Editor|Win64.Build.0 = Development|Any CPU
		{7923B6E2-A474-30E3-860C-CEC21CA3C718}.Development Editor|Win64-arm64.ActiveCfg = Development|Any CPU
		{7923B6E2-A474-30E3-860C-CEC21CA3C718}.Development Editor|Win64-arm64.Build.0 = Development|Any CPU
		{7923B6E2-A474-30E3-860C-CEC21CA3C718}.Development Editor|Win64-arm64ec.ActiveCfg = Development|Any CPU
		{7923B6E2-A474-30E3-860C-CEC21CA3C718}.Development Editor|Win64-arm64ec.Build.0 = Development|Any CPU
		{E313A3DF-B481-3C05-85EC-0258474BCEAB}.DebugGame Editor|Win64.ActiveCfg = Development|Any CPU
		{E313A3DF-B481-3C05-85EC-0258474BCEAB}.DebugGame Editor|Win64.Build.0 = Development|Any CPU
		{E313A3DF-B481-3C05-85EC-0258474BCEAB}.DebugGame Editor|Win64-arm64.ActiveCfg = Development|Any CPU
		{E313A3DF-B481-3C05-85EC-0258474BCEAB}.DebugGame Editor|Win64-arm64.Build.0 = Development|Any CPU
		{E313A3DF-B481-3C05-85EC-0258474BCEAB}.DebugGame Editor|Win64-arm64ec.ActiveCfg = Development|Any CPU
		{E313A3DF-B481-3C05-85EC-0258474BCEAB}.DebugGame Editor|Win64-arm64ec.Build.0 = Development|Any CPU
		{E313A3DF-B481-3C05-85EC-0258474BCEAB}.Development Editor|Win64.ActiveCfg = Development|Any CPU
		{E313A3DF-B481-3C05-85EC-0258474BCEAB}.Development Editor|Win64.Build.0 = Development|Any CPU
		{E313A3DF-B481-3C05-85EC-0258474BCEAB}.Development Editor|Win64-arm64.ActiveCfg = Development|Any CPU
		{E313A3DF-B481-3C05-85EC-0258474BCEAB}.Development Editor|Win64-arm64.Build.0 = Development|Any CPU
		{E313A3DF-B481-3C05-85EC-0258474BCEAB}.Development Editor|Win64-arm64ec.ActiveCfg = Development|Any CPU
		{E313A3DF-B481-3C05-85EC-0258474BCEAB}.Development Editor|Win64-arm64ec.Build.0 = Development|Any CPU
		{523D02D3-E92C-303E-B39A-B2F545068645}.DebugGame Editor|Win64.ActiveCfg = Development|Any CPU
		{523D02D3-E92C-303E-B39A-B2F545068645}.DebugGame Editor|Win64.Build.0 = Development|Any CPU
		{523D02D3-E92C-303E-B39A-B2F545068645}.DebugGame Editor|Win64-arm64.ActiveCfg = Development|Any CPU
		{523D02D3-E92C-303E-B39A-B2F545068645}.DebugGame Editor|Win64-arm64.Build.0 = Development|Any CPU
		{523D02D3-E92C-303E-B39A-B2F545068645}.DebugGame Editor|Win64-arm64ec.ActiveCfg = Development|Any CPU
		{523D02D3-E92C-303E-B39A-B2F545068645}.DebugGame Editor|Win64-arm64ec.Build.0 = Development|Any CPU
		{523D02D3-E92C-303E-B39A-B2F545068645}.Development Editor|Win64.ActiveCfg = Development|Any CPU
		{523D02D3-E92C-303E-B39A-B2F545068645}.Development Editor|Win64.Build.0 = Development|Any CPU
		{523D02D3-E92C-303E-B39A-B2F545068645}.Development Editor|Win64-arm64.ActiveCfg = Development|Any CPU
		{523D02D3-E92C-303E-B39A-B2F545068645}.Development Editor|Win64-arm64.Build.0 = Development|Any CPU
		{523D02D3-E92C-303E-B39A-B2F545068645}.Development Editor|Win64-arm64ec.ActiveCfg = Development|Any CPU
		{523D02D3-E92C-303E-B39A-B2F545068645}.Development Editor|Win64-arm64ec.Build.0 = Development|Any CPU
		{0E5610BE-D50B-31A6-B9EF-9147D283C75D}.DebugGame Editor|Win64.ActiveCfg = Development|Any CPU
		{0E5610BE-D50B-31A6-B9EF-9147D283C75D}.DebugGame Editor|Win64.Build.0 = Development|Any CPU
		{0E5610BE-D50B-31A6-B9EF-9147D283C75D}.DebugGame Editor|Win64-arm64.ActiveCfg = Development|Any CPU
		{0E5610BE-D50B-31A6-B9EF-9147D283C75D}.DebugGame Editor|Win64-arm64.Build.0 = Development|Any CPU
		{0E5610BE-D50B-31A6-B9EF-9147D283C75D}.DebugGame Editor|Win64-arm64ec.ActiveCfg = Development|Any CPU
		{0E5610BE-D50B-31A6-B9EF-9147D283C75D}.DebugGame Editor|Win64-arm64ec.Build.0 = Development|Any CPU
		{0E5610BE-D50B-31A6-B9EF-9147D283C75D}.Development Editor|Win64.ActiveCfg = Development|Any CPU
		{0E5610BE-D50B-31A6-B9EF-9147D283C75D}.Development Editor|Win64.Build.0 = Development|Any CPU
		{0E5610BE-D50B-31A6-B9EF-9147D283C75D}.Development Editor|Win64-arm64.ActiveCfg = Development|Any CPU
		{0E5610BE-D50B-31A6-B9EF-9147D283C75D}.Development Editor|Win64-arm64.Build.0 = Development|Any CPU
		{0E5610BE-D50B-31A6-B9EF-9147D283C75D}.Development Editor|Win64-arm64ec.ActiveCfg = Development|Any CPU
		{0E5610BE-D50B-31A6-B9EF-9147D283C75D}.Development Editor|Win64-arm64ec.Build.0 = Development|Any CPU
		{012EE111-6FF4-327C-BEA3-747DB0947279}.DebugGame Editor|Win64.ActiveCfg = Development|Any CPU
		{012EE111-6FF4-327C-BEA3-747DB0947279}.DebugGame Editor|Win64.Build.0 = Development|Any CPU
		{012EE111-6FF4-327C-BEA3-747DB0947279}.DebugGame Editor|Win64-arm64.ActiveCfg = Development|Any CPU
		{012EE111-6FF4-327C-BEA3-747DB0947279}.DebugGame Editor|Win64-arm64.Build.0 = Development|Any CPU
		{012EE111-6FF4-327C-BEA3-747DB0947279}.DebugGame Editor|Win64-arm64ec.ActiveCfg = Development|Any CPU
		{012EE111-6FF4-327C-BEA3-747DB0947279}.DebugGame Editor|Win64-arm64ec.Build.0 = Development|Any CPU
		{012EE111-6FF4-327C-BEA3-747DB0947279}.Development Editor|Win64.ActiveCfg = Development|Any CPU
		{012EE111-6FF4-327C-BEA3-747DB0947279}.Development Editor|Win64.Build.0 = Development|Any CPU
		{012EE111-6FF4-327C-BEA3-747DB0947279}.Development Editor|Win64-arm64.ActiveCfg = Development|Any CPU
		{012EE111-6FF4-327C-BEA3-747DB0947279}.Development Editor|Win64-arm64.Build.0 = Development|Any CPU
		{012EE111-6FF4-327C-BEA3-747DB0947279}.Development Editor|Win64-arm64ec.ActiveCfg = Development|Any CPU
		{012EE111-6FF4-327C-BEA3-747DB0947279}.Development Editor|Win64-arm64ec.Build.0 = Development|Any CPU
		{689C42CE-4267-33D2-93F3-CA026192BFF7}.DebugGame Editor|Win64.ActiveCfg = Development|Any CPU
		{689C42CE-4267-33D2-93F3-CA026192BFF7}.DebugGame Editor|Win64.Build.0 = Development|Any CPU
		{689C42CE-4267-33D2-93F3-CA026192BFF7}.DebugGame Editor|Win64-arm64.ActiveCfg = Development|Any CPU
		{689C42CE-4267-33D2-93F3-CA026192BFF7}.DebugGame Editor|Win64-arm64.Build.0 = Development|Any CPU
		{689C42CE-4267-33D2-93F3-CA026192BFF7}.DebugGame Editor|Win64-arm64ec.ActiveCfg = Development|Any CPU
		{689C42CE-4267-33D2-93F3-CA026192BFF7}.DebugGame Editor|Win64-arm64ec.Build.0 = Development|Any CPU
		{689C42CE-4267-33D2-93F3-CA026192BFF7}.Development Editor|Win64.ActiveCfg = Development|Any CPU
		{689C42CE-4267-33D2-93F3-CA026192BFF7}.Development Editor|Win64.Build.0 = Development|Any CPU
		{689C42CE-4267-33D2-93F3-CA026192BFF7}.Development Editor|Win64-arm64.ActiveCfg = Development|Any CPU
		{689C42CE-4267-33D2-93F3-CA026192BFF7}.Development Editor|Win64-arm64.Build.0 = Development|Any CPU
		{689C42CE-4267-33D2-93F3-CA026192BFF7}.Development Editor|Win64-arm64ec.ActiveCfg = Development|Any CPU
		{689C42CE-4267-33D2-93F3-CA026192BFF7}.Development Editor|Win64-arm64ec.Build.0 = Development|Any CPU
		{5104639E-FE08-31B5-AFB0-98C12F8D87C4}.DebugGame Editor|Win64.ActiveCfg = Development|Any CPU
		{5104639E-FE08-31B5-AFB0-98C12F8D87C4}.DebugGame Editor|Win64.Build.0 = Development|Any CPU
		{5104639E-FE08-31B5-AFB0-98C12F8D87C4}.DebugGame Editor|Win64-arm64.ActiveCfg = Development|Any CPU
		{5104639E-FE08-31B5-AFB0-98C12F8D87C4}.DebugGame Editor|Win64-arm64.Build.0 = Development|Any CPU
		{5104639E-FE08-31B5-AFB0-98C12F8D87C4}.DebugGame Editor|Win64-arm64ec.ActiveCfg = Development|Any CPU
		{5104639E-FE08-31B5-AFB0-98C12F8D87C4}.DebugGame Editor|Win64-arm64ec.Build.0 = Development|Any CPU
		{5104639E-FE08-31B5-AFB0-98C12F8D87C4}.Development Editor|Win64.ActiveCfg = Development|Any CPU
		{5104639E-FE08-31B5-AFB0-98C12F8D87C4}.Development Editor|Win64.Build.0 = Development|Any CPU
		{5104639E-FE08-31B5-AFB0-98C12F8D87C4}.Development Editor|Win64-arm64.ActiveCfg = Development|Any CPU
		{5104639E-FE08-31B5-AFB0-98C12F8D87C4}.Development Editor|Win64-arm64.Build.0 = Development|Any CPU
		{5104639E-FE08-31B5-AFB0-98C12F8D87C4}.Development Editor|Win64-arm64ec.ActiveCfg = Development|Any CPU
		{5104639E-FE08-31B5-AFB0-98C12F8D87C4}.Development Editor|Win64-arm64ec.Build.0 = Development|Any CPU
		{D844C741-39B2-36E5-953C-5232765DCB59}.DebugGame Editor|Win64.ActiveCfg = Development|Any CPU
		{D844C741-39B2-36E5-953C-5232765DCB59}.DebugGame Editor|Win64.Build.0 = Development|Any CPU
		{D844C741-39B2-36E5-953C-5232765DCB59}.DebugGame Editor|Win64-arm64.ActiveCfg = Development|Any CPU
		{D844C741-39B2-36E5-953C-5232765DCB59}.DebugGame Editor|Win64-arm64.Build.0 = Development|Any CPU
		{D844C741-39B2-36E5-953C-5232765DCB59}.DebugGame Editor|Win64-arm64ec.ActiveCfg = Development|Any CPU
		{D844C741-39B2-36E5-953C-5232765DCB59}.DebugGame Editor|Win64-arm64ec.Build.0 = Development|Any CPU
		{D844C741-39B2-36E5-953C-5232765DCB59}.Development Editor|Win64.ActiveCfg = Development|Any CPU
		{D844C741-39B2-36E5-953C-5232765DCB59}.Development Editor|Win64.Build.0 = Development|Any CPU
		{D844C741-39B2-36E5-953C-5232765DCB59}.Development Editor|Win64-arm64.ActiveCfg = Development|Any CPU
		{D844C741-39B2-36E5-953C-5232765DCB59}.Development Editor|Win64-arm64.Build.0 = Development|Any CPU
		{D844C741-39B2-36E5-953C-5232765DCB59}.Development Editor|Win64-arm64ec.ActiveCfg = Development|Any CPU
		{D844C741-39B2-36E5-953C-5232765DCB59}.Development Editor|Win64-arm64ec.Build.0 = Development|Any CPU
		{61668A88-F033-3D41-8984-CBDB90885D49}.DebugGame Editor|Win64.ActiveCfg = Development|Any CPU
		{61668A88-F033-3D41-8984-CBDB90885D49}.DebugGame Editor|Win64.Build.0 = Development|Any CPU
		{61668A88-F033-3D41-8984-CBDB90885D49}.DebugGame Editor|Win64-arm64.ActiveCfg = Development|Any CPU
		{61668A88-F033-3D41-8984-CBDB90885D49}.DebugGame Editor|Win64-arm64.Build.0 = Development|Any CPU
		{61668A88-F033-3D41-8984-CBDB90885D49}.DebugGame Editor|Win64-arm64ec.ActiveCfg = Development|Any CPU
		{61668A88-F033-3D41-8984-CBDB90885D49}.DebugGame Editor|Win64-arm64ec.Build.0 = Development|Any CPU
		{61668A88-F033-3D41-8984-CBDB90885D49}.Development Editor|Win64.ActiveCfg = Development|Any CPU
		{61668A88-F033-3D41-8984-CBDB90885D49}.Development Editor|Win64.Build.0 = Development|Any CPU
		{61668A88-F033-3D41-8984-CBDB90885D49}.Development Editor|Win64-arm64.ActiveCfg = Development|Any CPU
		{61668A88-F033-3D41-8984-CBDB90885D49}.Development Editor|Win64-arm64.Build.0 = Development|Any CPU
		{61668A88-F033-3D41-8984-CBDB90885D49}.Development Editor|Win64-arm64ec.ActiveCfg = Development|Any CPU
		{61668A88-F033-3D41-8984-CBDB90885D49}.Development Editor|Win64-arm64ec.Build.0 = Development|Any CPU
		{D37C95CB-BFF4-39C2-A317-4E987EC7860F}.DebugGame Editor|Win64.ActiveCfg = Development|Any CPU
		{D37C95CB-BFF4-39C2-A317-4E987EC7860F}.DebugGame Editor|Win64.Build.0 = Development|Any CPU
		{D37C95CB-BFF4-39C2-A317-4E987EC7860F}.DebugGame Editor|Win64-arm64.ActiveCfg = Development|Any CPU
		{D37C95CB-BFF4-39C2-A317-4E987EC7860F}.DebugGame Editor|Win64-arm64.Build.0 = Development|Any CPU
		{D37C95CB-BFF4-39C2-A317-4E987EC7860F}.DebugGame Editor|Win64-arm64ec.ActiveCfg = Development|Any CPU
		{D37C95CB-BFF4-39C2-A317-4E987EC7860F}.DebugGame Editor|Win64-arm64ec.Build.0 = Development|Any CPU
		{D37C95CB-BFF4-39C2-A317-4E987EC7860F}.Development Editor|Win64.ActiveCfg = Development|Any CPU
		{D37C95CB-BFF4-39C2-A317-4E987EC7860F}.Development Editor|Win64.Build.0 = Development|Any CPU
		{D37C95CB-BFF4-39C2-A317-4E987EC7860F}.Development Editor|Win64-arm64.ActiveCfg = Development|Any CPU
		{D37C95CB-BFF4-39C2-A317-4E987EC7860F}.Development Editor|Win64-arm64.Build.0 = Development|Any CPU
		{D37C95CB-BFF4-39C2-A317-4E987EC7860F}.Development Editor|Win64-arm64ec.ActiveCfg = Development|Any CPU
		{D37C95CB-BFF4-39C2-A317-4E987EC7860F}.Development Editor|Win64-arm64ec.Build.0 = Development|Any CPU
		{DADD40A6-D5A6-30C1-99AB-B7752F04E0C7}.DebugGame Editor|Win64.ActiveCfg = Development|Any CPU
		{DADD40A6-D5A6-30C1-99AB-B7752F04E0C7}.DebugGame Editor|Win64.Build.0 = Development|Any CPU
		{DADD40A6-D5A6-30C1-99AB-B7752F04E0C7}.DebugGame Editor|Win64-arm64.ActiveCfg = Development|Any CPU
		{DADD40A6-D5A6-30C1-99AB-B7752F04E0C7}.DebugGame Editor|Win64-arm64.Build.0 = Development|Any CPU
		{DADD40A6-D5A6-30C1-99AB-B7752F04E0C7}.DebugGame Editor|Win64-arm64ec.ActiveCfg = Development|Any CPU
		{DADD40A6-D5A6-30C1-99AB-B7752F04E0C7}.DebugGame Editor|Win64-arm64ec.Build.0 = Development|Any CPU
		{DADD40A6-D5A6-30C1-99AB-B7752F04E0C7}.Development Editor|Win64.ActiveCfg = Development|Any CPU
		{DADD40A6-D5A6-30C1-99AB-B7752F04E0C7}.Development Editor|Win64.Build.0 = Development|Any CPU
		{DADD40A6-D5A6-30C1-99AB-B7752F04E0C7}.Development Editor|Win64-arm64.ActiveCfg = Development|Any CPU
		{DADD40A6-D5A6-30C1-99AB-B7752F04E0C7}.Development Editor|Win64-arm64.Build.0 = Development|Any CPU
		{DADD40A6-D5A6-30C1-99AB-B7752F04E0C7}.Development Editor|Win64-arm64ec.ActiveCfg = Development|Any CPU
		{DADD40A6-D5A6-30C1-99AB-B7752F04E0C7}.Development Editor|Win64-arm64ec.Build.0 = Development|Any CPU
		{A420C1C4-417B-390C-BBD6-D788FEED6542}.DebugGame Editor|Win64.ActiveCfg = Development|Any CPU
		{A420C1C4-417B-390C-BBD6-D788FEED6542}.DebugGame Editor|Win64.Build.0 = Development|Any CPU
		{A420C1C4-417B-390C-BBD6-D788FEED6542}.DebugGame Editor|Win64-arm64.ActiveCfg = Development|Any CPU
		{A420C1C4-417B-390C-BBD6-D788FEED6542}.DebugGame Editor|Win64-arm64.Build.0 = Development|Any CPU
		{A420C1C4-417B-390C-BBD6-D788FEED6542}.DebugGame Editor|Win64-arm64ec.ActiveCfg = Development|Any CPU
		{A420C1C4-417B-390C-BBD6-D788FEED6542}.DebugGame Editor|Win64-arm64ec.Build.0 = Development|Any CPU
		{A420C1C4-417B-390C-BBD6-D788FEED6542}.Development Editor|Win64.ActiveCfg = Development|Any CPU
		{A420C1C4-417B-390C-BBD6-D788FEED6542}.Development Editor|Win64.Build.0 = Development|Any CPU
		{A420C1C4-417B-390C-BBD6-D788FEED6542}.Development Editor|Win64-arm64.ActiveCfg = Development|Any CPU
		{A420C1C4-417B-390C-BBD6-D788FEED6542}.Development Editor|Win64-arm64.Build.0 = Development|Any CPU
		{A420C1C4-417B-390C-BBD6-D788FEED6542}.Development Editor|Win64-arm64ec.ActiveCfg = Development|Any CPU
		{A420C1C4-417B-390C-BBD6-D788FEED6542}.Development Editor|Win64-arm64ec.Build.0 = Development|Any CPU
		{58BDF299-A217-30A8-9C08-23A54B1FA353}.DebugGame Editor|Win64.ActiveCfg = Development|Any CPU
		{58BDF299-A217-30A8-9C08-23A54B1FA353}.DebugGame Editor|Win64.Build.0 = Development|Any CPU
		{58BDF299-A217-30A8-9C08-23A54B1FA353}.DebugGame Editor|Win64-arm64.ActiveCfg = Development|Any CPU
		{58BDF299-A217-30A8-9C08-23A54B1FA353}.DebugGame Editor|Win64-arm64.Build.0 = Development|Any CPU
		{58BDF299-A217-30A8-9C08-23A54B1FA353}.DebugGame Editor|Win64-arm64ec.ActiveCfg = Development|Any CPU
		{58BDF299-A217-30A8-9C08-23A54B1FA353}.DebugGame Editor|Win64-arm64ec.Build.0 = Development|Any CPU
		{58BDF299-A217-30A8-9C08-23A54B1FA353}.Development Editor|Win64.ActiveCfg = Development|Any CPU
		{58BDF299-A217-30A8-9C08-23A54B1FA353}.Development Editor|Win64.Build.0 = Development|Any CPU
		{58BDF299-A217-30A8-9C08-23A54B1FA353}.Development Editor|Win64-arm64.ActiveCfg = Development|Any CPU
		{58BDF299-A217-30A8-9C08-23A54B1FA353}.Development Editor|Win64-arm64.Build.0 = Development|Any CPU
		{58BDF299-A217-30A8-9C08-23A54B1FA353}.Development Editor|Win64-arm64ec.ActiveCfg = Development|Any CPU
		{58BDF299-A217-30A8-9C08-23A54B1FA353}.Development Editor|Win64-arm64ec.Build.0 = Development|Any CPU
		{3916C32D-4C1B-3111-A916-3A162E6637EB}.DebugGame Editor|Win64.ActiveCfg = Development|Any CPU
		{3916C32D-4C1B-3111-A916-3A162E6637EB}.DebugGame Editor|Win64.Build.0 = Development|Any CPU
		{3916C32D-4C1B-3111-A916-3A162E6637EB}.DebugGame Editor|Win64-arm64.ActiveCfg = Development|Any CPU
		{3916C32D-4C1B-3111-A916-3A162E6637EB}.DebugGame Editor|Win64-arm64.Build.0 = Development|Any CPU
		{3916C32D-4C1B-3111-A916-3A162E6637EB}.DebugGame Editor|Win64-arm64ec.ActiveCfg = Development|Any CPU
		{3916C32D-4C1B-3111-A916-3A162E6637EB}.DebugGame Editor|Win64-arm64ec.Build.0 = Development|Any CPU
		{3916C32D-4C1B-3111-A916-3A162E6637EB}.Development Editor|Win64.ActiveCfg = Development|Any CPU
		{3916C32D-4C1B-3111-A916-3A162E6637EB}.Development Editor|Win64.Build.0 = Development|Any CPU
		{3916C32D-4C1B-3111-A916-3A162E6637EB}.Development Editor|Win64-arm64.ActiveCfg = Development|Any CPU
		{3916C32D-4C1B-3111-A916-3A162E6637EB}.Development Editor|Win64-arm64.Build.0 = Development|Any CPU
		{3916C32D-4C1B-3111-A916-3A162E6637EB}.Development Editor|Win64-arm64ec.ActiveCfg = Development|Any CPU
		{3916C32D-4C1B-3111-A916-3A162E6637EB}.Development Editor|Win64-arm64ec.Build.0 = Development|Any CPU
		{96628A6E-6470-3284-AFEC-C83B48F583EC}.DebugGame Editor|Win64.ActiveCfg = Development|Any CPU
		{96628A6E-6470-3284-AFEC-C83B48F583EC}.DebugGame Editor|Win64.Build.0 = Development|Any CPU
		{96628A6E-6470-3284-AFEC-C83B48F583EC}.DebugGame Editor|Win64-arm64.ActiveCfg = Development|Any CPU
		{96628A6E-6470-3284-AFEC-C83B48F583EC}.DebugGame Editor|Win64-arm64.Build.0 = Development|Any CPU
		{96628A6E-6470-3284-AFEC-C83B48F583EC}.DebugGame Editor|Win64-arm64ec.ActiveCfg = Development|Any CPU
		{96628A6E-6470-3284-AFEC-C83B48F583EC}.DebugGame Editor|Win64-arm64ec.Build.0 = Development|Any CPU
		{96628A6E-6470-3284-AFEC-C83B48F583EC}.Development Editor|Win64.ActiveCfg = Development|Any CPU
		{96628A6E-6470-3284-AFEC-C83B48F583EC}.Development Editor|Win64.Build.0 = Development|Any CPU
		{96628A6E-6470-3284-AFEC-C83B48F583EC}.Development Editor|Win64-arm64.ActiveCfg = Development|Any CPU
		{96628A6E-6470-3284-AFEC-C83B48F583EC}.Development Editor|Win64-arm64.Build.0 = Development|Any CPU
		{96628A6E-6470-3284-AFEC-C83B48F583EC}.Development Editor|Win64-arm64ec.ActiveCfg = Development|Any CPU
		{96628A6E-6470-3284-AFEC-C83B48F583EC}.Development Editor|Win64-arm64ec.Build.0 = Development|Any CPU
		{80615F6F-9B71-3621-97CD-2A5A1E638BD4}.DebugGame Editor|Win64.ActiveCfg = Development|Any CPU
		{80615F6F-9B71-3621-97CD-2A5A1E638BD4}.DebugGame Editor|Win64.Build.0 = Development|Any CPU
		{80615F6F-9B71-3621-97CD-2A5A1E638BD4}.DebugGame Editor|Win64-arm64.ActiveCfg = Development|Any CPU
		{80615F6F-9B71-3621-97CD-2A5A1E638BD4}.DebugGame Editor|Win64-arm64.Build.0 = Development|Any CPU
		{80615F6F-9B71-3621-97CD-2A5A1E638BD4}.DebugGame Editor|Win64-arm64ec.ActiveCfg = Development|Any CPU
		{80615F6F-9B71-3621-97CD-2A5A1E638BD4}.DebugGame Editor|Win64-arm64ec.Build.0 = Development|Any CPU
		{80615F6F-9B71-3621-97CD-2A5A1E638BD4}.Development Editor|Win64.ActiveCfg = Development|Any CPU
		{80615F6F-9B71-3621-97CD-2A5A1E638BD4}.Development Editor|Win64.Build.0 = Development|Any CPU
		{80615F6F-9B71-3621-97CD-2A5A1E638BD4}.Development Editor|Win64-arm64.ActiveCfg = Development|Any CPU
		{80615F6F-9B71-3621-97CD-2A5A1E638BD4}.Development Editor|Win64-arm64.Build.0 = Development|Any CPU
		{80615F6F-9B71-3621-97CD-2A5A1E638BD4}.Development Editor|Win64-arm64ec.ActiveCfg = Development|Any CPU
		{80615F6F-9B71-3621-97CD-2A5A1E638BD4}.Development Editor|Win64-arm64ec.Build.0 = Development|Any CPU
		{E25BF4AD-B20A-31E1-9D76-D9C791ADBB9C}.DebugGame Editor|Win64.ActiveCfg = Development|Any CPU
		{E25BF4AD-B20A-31E1-9D76-D9C791ADBB9C}.DebugGame Editor|Win64.Build.0 = Development|Any CPU
		{E25BF4AD-B20A-31E1-9D76-D9C791ADBB9C}.DebugGame Editor|Win64-arm64.ActiveCfg = Development|Any CPU
		{E25BF4AD-B20A-31E1-9D76-D9C791ADBB9C}.DebugGame Editor|Win64-arm64.Build.0 = Development|Any CPU
		{E25BF4AD-B20A-31E1-9D76-D9C791ADBB9C}.DebugGame Editor|Win64-arm64ec.ActiveCfg = Development|Any CPU
		{E25BF4AD-B20A-31E1-9D76-D9C791ADBB9C}.DebugGame Editor|Win64-arm64ec.Build.0 = Development|Any CPU
		{E25BF4AD-B20A-31E1-9D76-D9C791ADBB9C}.Development Editor|Win64.ActiveCfg = Development|Any CPU
		{E25BF4AD-B20A-31E1-9D76-D9C791ADBB9C}.Development Editor|Win64.Build.0 = Development|Any CPU
		{E25BF4AD-B20A-31E1-9D76-D9C791ADBB9C}.Development Editor|Win64-arm64.ActiveCfg = Development|Any CPU
		{E25BF4AD-B20A-31E1-9D76-D9C791ADBB9C}.Development Editor|Win64-arm64.Build.0 = Development|Any CPU
		{E25BF4AD-B20A-31E1-9D76-D9C791ADBB9C}.Development Editor|Win64-arm64ec.ActiveCfg = Development|Any CPU
		{E25BF4AD-B20A-31E1-9D76-D9C791ADBB9C}.Development Editor|Win64-arm64ec.Build.0 = Development|Any CPU
		{EA0A57B4-3957-3B83-8EFE-908181544184}.DebugGame Editor|Win64.ActiveCfg = Development|Any CPU
		{EA0A57B4-3957-3B83-8EFE-908181544184}.DebugGame Editor|Win64.Build.0 = Development|Any CPU
		{EA0A57B4-3957-3B83-8EFE-908181544184}.DebugGame Editor|Win64-arm64.ActiveCfg = Development|Any CPU
		{EA0A57B4-3957-3B83-8EFE-908181544184}.DebugGame Editor|Win64-arm64.Build.0 = Development|Any CPU
		{EA0A57B4-3957-3B83-8EFE-908181544184}.DebugGame Editor|Win64-arm64ec.ActiveCfg = Development|Any CPU
		{EA0A57B4-3957-3B83-8EFE-908181544184}.DebugGame Editor|Win64-arm64ec.Build.0 = Development|Any CPU
		{EA0A57B4-3957-3B83-8EFE-908181544184}.Development Editor|Win64.ActiveCfg = Development|Any CPU
		{EA0A57B4-3957-3B83-8EFE-908181544184}.Development Editor|Win64.Build.0 = Development|Any CPU
		{EA0A57B4-3957-3B83-8EFE-908181544184}.Development Editor|Win64-arm64.ActiveCfg = Development|Any CPU
		{EA0A57B4-3957-3B83-8EFE-908181544184}.Development Editor|Win64-arm64.Build.0 = Development|Any CPU
		{EA0A57B4-3957-3B83-8EFE-908181544184}.Development Editor|Win64-arm64ec.ActiveCfg = Development|Any CPU
		{EA0A57B4-3957-3B83-8EFE-908181544184}.Development Editor|Win64-arm64ec.Build.0 = Development|Any CPU
		{AA2AD635-394B-3999-902B-221883E4F0DF}.DebugGame Editor|Win64.ActiveCfg = Development|Any CPU
		{AA2AD635-394B-3999-902B-221883E4F0DF}.DebugGame Editor|Win64.Build.0 = Development|Any CPU
		{AA2AD635-394B-3999-902B-221883E4F0DF}.DebugGame Editor|Win64-arm64.ActiveCfg = Development|Any CPU
		{AA2AD635-394B-3999-902B-221883E4F0DF}.DebugGame Editor|Win64-arm64.Build.0 = Development|Any CPU
		{AA2AD635-394B-3999-902B-221883E4F0DF}.DebugGame Editor|Win64-arm64ec.ActiveCfg = Development|Any CPU
		{AA2AD635-394B-3999-902B-221883E4F0DF}.DebugGame Editor|Win64-arm64ec.Build.0 = Development|Any CPU
		{AA2AD635-394B-3999-902B-221883E4F0DF}.Development Editor|Win64.ActiveCfg = Development|Any CPU
		{AA2AD635-394B-3999-902B-221883E4F0DF}.Development Editor|Win64.Build.0 = Development|Any CPU
		{AA2AD635-394B-3999-902B-221883E4F0DF}.Development Editor|Win64-arm64.ActiveCfg = Development|Any CPU
		{AA2AD635-394B-3999-902B-221883E4F0DF}.Development Editor|Win64-arm64.Build.0 = Development|Any CPU
		{AA2AD635-394B-3999-902B-221883E4F0DF}.Development Editor|Win64-arm64ec.ActiveCfg = Development|Any CPU
		{AA2AD635-394B-3999-902B-221883E4F0DF}.Development Editor|Win64-arm64ec.Build.0 = Development|Any CPU
		{834A6EA4-5A2C-3A2B-8E12-4025D64E50E5}.DebugGame Editor|Win64.ActiveCfg = Development|Any CPU
		{834A6EA4-5A2C-3A2B-8E12-4025D64E50E5}.DebugGame Editor|Win64.Build.0 = Development|Any CPU
		{834A6EA4-5A2C-3A2B-8E12-4025D64E50E5}.DebugGame Editor|Win64-arm64.ActiveCfg = Development|Any CPU
		{834A6EA4-5A2C-3A2B-8E12-4025D64E50E5}.DebugGame Editor|Win64-arm64.Build.0 = Development|Any CPU
		{834A6EA4-5A2C-3A2B-8E12-4025D64E50E5}.DebugGame Editor|Win64-arm64ec.ActiveCfg = Development|Any CPU
		{834A6EA4-5A2C-3A2B-8E12-4025D64E50E5}.DebugGame Editor|Win64-arm64ec.Build.0 = Development|Any CPU
		{834A6EA4-5A2C-3A2B-8E12-4025D64E50E5}.Development Editor|Win64.ActiveCfg = Development|Any CPU
		{834A6EA4-5A2C-3A2B-8E12-4025D64E50E5}.Development Editor|Win64.Build.0 = Development|Any CPU
		{834A6EA4-5A2C-3A2B-8E12-4025D64E50E5}.Development Editor|Win64-arm64.ActiveCfg = Development|Any CPU
		{834A6EA4-5A2C-3A2B-8E12-4025D64E50E5}.Development Editor|Win64-arm64.Build.0 = Development|Any CPU
		{834A6EA4-5A2C-3A2B-8E12-4025D64E50E5}.Development Editor|Win64-arm64ec.ActiveCfg = Development|Any CPU
		{834A6EA4-5A2C-3A2B-8E12-4025D64E50E5}.Development Editor|Win64-arm64ec.Build.0 = Development|Any CPU
		{69D27BD7-C149-3E3C-A4E9-29BD960F60D2}.DebugGame Editor|Win64.ActiveCfg = Development|Any CPU
		{69D27BD7-C149-3E3C-A4E9-29BD960F60D2}.DebugGame Editor|Win64.Build.0 = Development|Any CPU
		{69D27BD7-C149-3E3C-A4E9-29BD960F60D2}.DebugGame Editor|Win64-arm64.ActiveCfg = Development|Any CPU
		{69D27BD7-C149-3E3C-A4E9-29BD960F60D2}.DebugGame Editor|Win64-arm64.Build.0 = Development|Any CPU
		{69D27BD7-C149-3E3C-A4E9-29BD960F60D2}.DebugGame Editor|Win64-arm64ec.ActiveCfg = Development|Any CPU
		{69D27BD7-C149-3E3C-A4E9-29BD960F60D2}.DebugGame Editor|Win64-arm64ec.Build.0 = Development|Any CPU
		{69D27BD7-C149-3E3C-A4E9-29BD960F60D2}.Development Editor|Win64.ActiveCfg = Development|Any CPU
		{69D27BD7-C149-3E3C-A4E9-29BD960F60D2}.Development Editor|Win64.Build.0 = Development|Any CPU
		{69D27BD7-C149-3E3C-A4E9-29BD960F60D2}.Development Editor|Win64-arm64.ActiveCfg = Development|Any CPU
		{69D27BD7-C149-3E3C-A4E9-29BD960F60D2}.Development Editor|Win64-arm64.Build.0 = Development|Any CPU
		{69D27BD7-C149-3E3C-A4E9-29BD960F60D2}.Development Editor|Win64-arm64ec.ActiveCfg = Development|Any CPU
		{69D27BD7-C149-3E3C-A4E9-29BD960F60D2}.Development Editor|Win64-arm64ec.Build.0 = Development|Any CPU
		{BA3F4C8B-9AD0-38C2-8EA2-3E87CED82BAF}.DebugGame Editor|Win64.ActiveCfg = Development|Any CPU
		{BA3F4C8B-9AD0-38C2-8EA2-3E87CED82BAF}.DebugGame Editor|Win64.Build.0 = Development|Any CPU
		{BA3F4C8B-9AD0-38C2-8EA2-3E87CED82BAF}.DebugGame Editor|Win64-arm64.ActiveCfg = Development|Any CPU
		{BA3F4C8B-9AD0-38C2-8EA2-3E87CED82BAF}.DebugGame Editor|Win64-arm64.Build.0 = Development|Any CPU
		{BA3F4C8B-9AD0-38C2-8EA2-3E87CED82BAF}.DebugGame Editor|Win64-arm64ec.ActiveCfg = Development|Any CPU
		{BA3F4C8B-9AD0-38C2-8EA2-3E87CED82BAF}.DebugGame Editor|Win64-arm64ec.Build.0 = Development|Any CPU
		{BA3F4C8B-9AD0-38C2-8EA2-3E87CED82BAF}.Development Editor|Win64.ActiveCfg = Development|Any CPU
		{BA3F4C8B-9AD0-38C2-8EA2-3E87CED82BAF}.Development Editor|Win64.Build.0 = Development|Any CPU
		{BA3F4C8B-9AD0-38C2-8EA2-3E87CED82BAF}.Development Editor|Win64-arm64.ActiveCfg = Development|Any CPU
		{BA3F4C8B-9AD0-38C2-8EA2-3E87CED82BAF}.Development Editor|Win64-arm64.Build.0 = Development|Any CPU
		{BA3F4C8B-9AD0-38C2-8EA2-3E87CED82BAF}.Development Editor|Win64-arm64ec.ActiveCfg = Development|Any CPU
		{BA3F4C8B-9AD0-38C2-8EA2-3E87CED82BAF}.Development Editor|Win64-arm64ec.Build.0 = Development|Any CPU
	EndGlobalSection
	GlobalSection(SolutionProperties) = preSolution
		HideSolutionNode = FALSE
	EndGlobalSection
	GlobalSection(NestedProjects) = preSolution
		{7F34EDF2-4885-3594-813D-DC3E8D058CA1} = {233774A8-CC9D-3FA9-86D1-90573E92B704}
		{E7CD2637-6D29-38D5-A783-9AB5252D3D80} = {DE1F8B53-6C02-3C13-9101-A7C8D96F3FF6}
		{D49415BA-84D7-30CF-9CAA-2428E57B99FC} = {A338B9E2-A559-34BE-A46D-F789DD488FAD}
		{2055E2F6-1F78-30A8-AD2B-3B508FAFBD29} = {A338B9E2-A559-34BE-A46D-F789DD488FAD}
		{0BFBE63A-B98A-3411-8EEB-8918FEC737B3} = {A338B9E2-A559-34BE-A46D-F789DD488FAD}
		{7B5CFB44-F0FB-31DF-AE62-C3C096A29A7B} = {A338B9E2-A559-34BE-A46D-F789DD488FAD}
		{57713676-9DBE-331C-AD10-26632AC9EE0C} = {A338B9E2-A559-34BE-A46D-F789DD488FAD}
		{223C52C0-F69C-3E0D-B9EF-ED139ECD2C47} = {0BFBE63A-B98A-3411-8EEB-8918FEC737B3}
		{00BB39F4-B3E1-3E05-A4BD-2C597D9EC2C8} = {0BFBE63A-B98A-3411-8EEB-8918FEC737B3}
		{EA555BE4-9A4E-373C-971E-8516381FAF59} = {0BFBE63A-B98A-3411-8EEB-8918FEC737B3}
		{2E65DB29-ADBE-3C01-9DAF-AAF07A6688FB} = {0BFBE63A-B98A-3411-8EEB-8918FEC737B3}
		{E4111C00-C166-312B-B982-A7A8102A5F54} = {0BFBE63A-B98A-3411-8EEB-8918FEC737B3}
		{70923CEE-9007-3178-BDBB-F2F65B9EC6C0} = {0BFBE63A-B98A-3411-8EEB-8918FEC737B3}
		{020B6080-AD53-35DA-94C6-F3226A9DD002} = {0BFBE63A-B98A-3411-8EEB-8918FEC737B3}
		{95A46CA0-6737-37C5-A652-463EC5CD7CC0} = {0BFBE63A-B98A-3411-8EEB-8918FEC737B3}
		{2F75A1EE-B4FF-31E9-B7D1-88BFF69F7C3B} = {0BFBE63A-B98A-3411-8EEB-8918FEC737B3}
		{8E3E4B51-8A9E-3DEF-8A3E-52BCCD7E44CB} = {0BFBE63A-B98A-3411-8EEB-8918FEC737B3}
		{7C00A884-6CFD-311C-9146-CDCC8B627028} = {0BFBE63A-B98A-3411-8EEB-8918FEC737B3}
		{74015A02-6F58-33DA-9DDB-AB2E92C698EA} = {0BFBE63A-B98A-3411-8EEB-8918FEC737B3}
		{627FF316-9ED3-36DC-8196-8F40AB1EAF5B} = {0BFBE63A-B98A-3411-8EEB-8918FEC737B3}
		{2C2C95D5-EA58-338D-9968-E9A845EA8D0E} = {0BFBE63A-B98A-3411-8EEB-8918FEC737B3}
		{A74CD747-8876-3650-8042-E042084D524E} = {0BFBE63A-B98A-3411-8EEB-8918FEC737B3}
		{75652181-43DA-3D53-82A7-5EEDA2E01648} = {0BFBE63A-B98A-3411-8EEB-8918FEC737B3}
		{7F993E55-EF9B-3444-9CD1-657752564F30} = {0BFBE63A-B98A-3411-8EEB-8918FEC737B3}
		{B63B871A-9F06-38F4-9E6B-29D8ED91B966} = {0BFBE63A-B98A-3411-8EEB-8918FEC737B3}
		{9037C8BE-8238-362A-B6B3-65783347F3A8} = {0BFBE63A-B98A-3411-8EEB-8918FEC737B3}
		{D5F05E1B-5E58-357B-99A7-104EE5582A52} = {0BFBE63A-B98A-3411-8EEB-8918FEC737B3}
		{0146B4C1-84B7-3117-BAE3-04DBFA843572} = {0BFBE63A-B98A-3411-8EEB-8918FEC737B3}
		{855F6ED3-7E86-3775-8A80-821FB9953532} = {0BFBE63A-B98A-3411-8EEB-8918FEC737B3}
		{99170B29-F207-3155-892A-4BE6D0A38602} = {0BFBE63A-B98A-3411-8EEB-8918FEC737B3}
		{2353939F-840A-3358-B390-182C7460C112} = {0BFBE63A-B98A-3411-8EEB-8918FEC737B3}
		{B84D81E6-5BDF-358E-BBDC-182E4422214E} = {7B5CFB44-F0FB-31DF-AE62-C3C096A29A7B}
		{402A11AD-631D-30C4-AE0A-9EECDD827FCD} = {57713676-9DBE-331C-AD10-26632AC9EE0C}
		{F1B75830-D817-3A4E-B989-18DD1A79B1B6} = {57713676-9DBE-331C-AD10-26632AC9EE0C}
		{8F56263E-A274-37A4-8623-2C74C238FC4D} = {57713676-9DBE-331C-AD10-26632AC9EE0C}
		{7923B6E2-A474-30E3-860C-CEC21CA3C718} = {57713676-9DBE-331C-AD10-26632AC9EE0C}
		{E313A3DF-B481-3C05-85EC-0258474BCEAB} = {57713676-9DBE-331C-AD10-26632AC9EE0C}
		{523D02D3-E92C-303E-B39A-B2F545068645} = {57713676-9DBE-331C-AD10-26632AC9EE0C}
		{0E5610BE-D50B-31A6-B9EF-9147D283C75D} = {57713676-9DBE-331C-AD10-26632AC9EE0C}
		{012EE111-6FF4-327C-BEA3-747DB0947279} = {57713676-9DBE-331C-AD10-26632AC9EE0C}
		{689C42CE-4267-33D2-93F3-CA026192BFF7} = {57713676-9DBE-331C-AD10-26632AC9EE0C}
		{5104639E-FE08-31B5-AFB0-98C12F8D87C4} = {57713676-9DBE-331C-AD10-26632AC9EE0C}
		{D844C741-39B2-36E5-953C-5232765DCB59} = {57713676-9DBE-331C-AD10-26632AC9EE0C}
		{61668A88-F033-3D41-8984-CBDB90885D49} = {57713676-9DBE-331C-AD10-26632AC9EE0C}
		{D37C95CB-BFF4-39C2-A317-4E987EC7860F} = {57713676-9DBE-331C-AD10-26632AC9EE0C}
		{DADD40A6-D5A6-30C1-99AB-B7752F04E0C7} = {57713676-9DBE-331C-AD10-26632AC9EE0C}
		{A420C1C4-417B-390C-BBD6-D788FEED6542} = {57713676-9DBE-331C-AD10-26632AC9EE0C}
		{58BDF299-A217-30A8-9C08-23A54B1FA353} = {57713676-9DBE-331C-AD10-26632AC9EE0C}
		{3916C32D-4C1B-3111-A916-3A162E6637EB} = {57713676-9DBE-331C-AD10-26632AC9EE0C}
		{96628A6E-6470-3284-AFEC-C83B48F583EC} = {57713676-9DBE-331C-AD10-26632AC9EE0C}
		{80615F6F-9B71-3621-97CD-2A5A1E638BD4} = {57713676-9DBE-331C-AD10-26632AC9EE0C}
		{E25BF4AD-B20A-31E1-9D76-D9C791ADBB9C} = {57713676-9DBE-331C-AD10-26632AC9EE0C}
		{EA0A57B4-3957-3B83-8EFE-908181544184} = {57713676-9DBE-331C-AD10-26632AC9EE0C}
		{AA2AD635-394B-3999-902B-221883E4F0DF} = {C2F57ECE-B26F-39D8-BDA7-C1D40BD8F180}
		{834A6EA4-5A2C-3A2B-8E12-4025D64E50E5} = {C2F57ECE-B26F-39D8-BDA7-C1D40BD8F180}
		{69D27BD7-C149-3E3C-A4E9-29BD960F60D2} = {C2F57ECE-B26F-39D8-BDA7-C1D40BD8F180}
		{BA3F4C8B-9AD0-38C2-8EA2-3E87CED82BAF} = {C2F57ECE-B26F-39D8-BDA7-C1D40BD8F180}
	EndGlobalSection
EndGlobal
